
Microsoft Visual Studio Solution File, Format Version 12.00
# Visual Studio Version 16
VisualStudioVersion = 16.0.28922.388
MinimumVisualStudioVersion = 10.0.40219.1
Project("{FAE04EC0-301F-11D3-BF4B-00C04F79EFBC}") = "Chronicy.Service", "Chronicy.Service\Chronicy.Service.csproj", "{3777D6AC-CFA3-4165-80B4-5A7170AD1FE6}"
EndProject
Project("{FAE04EC0-301F-11D3-BF4B-00C04F79EFBC}") = "Chronicy.Excel", "Chronicy.Excel\Chronicy.Excel.csproj", "{3242A263-A800-4350-9A43-B4C2B028F097}"
EndProject
Global
	GlobalSection(SolutionConfigurationPlatforms) = preSolution
		Debug|Any CPU = Debug|Any CPU
		Release|Any CPU = Release|Any CPU
	EndGlobalSection
	GlobalSection(ProjectConfigurationPlatforms) = postSolution
		{3777D6AC-CFA3-4165-80B4-5A7170AD1FE6}.Debug|Any CPU.ActiveCfg = Debug|Any CPU
		{3777D6AC-CFA3-4165-80B4-5A7170AD1FE6}.Debug|Any CPU.Build.0 = Debug|Any CPU
		{3777D6AC-CFA3-4165-80B4-5A7170AD1FE6}.Release|Any CPU.ActiveCfg = Release|Any CPU
		{3777D6AC-CFA3-4165-80B4-5A7170AD1FE6}.Release|Any CPU.Build.0 = Release|Any CPU
		{3242A263-A800-4350-9A43-B4C2B028F097}.Debug|Any CPU.ActiveCfg = Debug|Any CPU
		{3242A263-A800-4350-9A43-B4C2B028F097}.Debug|Any CPU.Build.0 = Debug|Any CPU
		{3242A263-A800-4350-9A43-B4C2B028F097}.Release|Any CPU.ActiveCfg = Release|Any CPU
		{3242A263-A800-4350-9A43-B4C2B028F097}.Release|Any CPU.Build.0 = Release|Any CPU
	EndGlobalSection
	GlobalSection(SolutionProperties) = preSolution
		HideSolutionNode = FALSE
	EndGlobalSection
	GlobalSection(ExtensibilityGlobals) = postSolution
		SolutionGuid = {7FD78AF5-8DAF-411E-BA48-B5BA3934AB5F}
	EndGlobalSection
EndGlobal
