// !$*UTF8*$!
{
	archiveVersion = 1;
	classes = {
	};
	objectVersion = 50;
	objects = {

/* Begin PBXBuildFile section */
		A7098C4F224518920026BAFC /* Notification.swift in Sources */ = {isa = PBXBuildFile; fileRef = A7098C4E224518920026BAFC /* Notification.swift */; };
		A709AB562248FD65002841A8 /* Stack.swift in Sources */ = {isa = PBXBuildFile; fileRef = A709AB502248FD65002841A8 /* Stack.swift */; };
		A7109E25223570C200E3EB29 /* Module.swift in Sources */ = {isa = PBXBuildFile; fileRef = A7109E24223570C200E3EB29 /* Module.swift */; };
		A7109E272235741A00E3EB29 /* ModuleManager.swift in Sources */ = {isa = PBXBuildFile; fileRef = A7109E262235741A00E3EB29 /* ModuleManager.swift */; };
		A7109E292235756E00E3EB29 /* TrackableProperty.swift in Sources */ = {isa = PBXBuildFile; fileRef = A7109E282235756E00E3EB29 /* TrackableProperty.swift */; };
		A7109E2E22357D9700E3EB29 /* ApplicationManager.swift in Sources */ = {isa = PBXBuildFile; fileRef = A7109E2D22357D9700E3EB29 /* ApplicationManager.swift */; };
		A72204112240227C001E1BD5 /* SharedConstants.swift in Sources */ = {isa = PBXBuildFile; fileRef = A72204102240227C001E1BD5 /* SharedConstants.swift */; };
		A760458C22308D47007F3268 /* ChronicyFrameworkMacOS.h in Headers */ = {isa = PBXBuildFile; fileRef = A760458A22308D47007F3268 /* ChronicyFrameworkMacOS.h */; settings = {ATTRIBUTES = (Public, ); }; };
		A77617FD2231C3660038E815 /* Log.swift in Sources */ = {isa = PBXBuildFile; fileRef = A77617FC2231C3660038E815 /* Log.swift */; };
		A79E4E812252966700E385CA /* Card.swift in Sources */ = {isa = PBXBuildFile; fileRef = A79E4E802252966700E385CA /* Card.swift */; };
		A79E4E832252975600E385CA /* Notebook.swift in Sources */ = {isa = PBXBuildFile; fileRef = A79E4E822252975600E385CA /* Notebook.swift */; };
		A79E4E852252987300E385CA /* CustomField.swift in Sources */ = {isa = PBXBuildFile; fileRef = A79E4E842252987300E385CA /* CustomField.swift */; };
		A7A52A6D2246777E0086E01F /* CoreDataStack.swift in Sources */ = {isa = PBXBuildFile; fileRef = A7A52A6C2246777E0086E01F /* CoreDataStack.swift */; };
		A7A52A732246E9460086E01F /* Timeline.xcdatamodeld in Sources */ = {isa = PBXBuildFile; fileRef = A7A52A712246E9460086E01F /* Timeline.xcdatamodeld */; };
		A7B2D429225273840012A9E5 /* KeyStorage.swift in Sources */ = {isa = PBXBuildFile; fileRef = A7B2D428225273840012A9E5 /* KeyStorage.swift */; };
		A7B2D42B2252738B0012A9E5 /* DistributedObjectManager.swift in Sources */ = {isa = PBXBuildFile; fileRef = A7B2D42A2252738B0012A9E5 /* DistributedObjectManager.swift */; };
		A7BC2838224B9FA100A1A6DE /* InteractionsManager.swift in Sources */ = {isa = PBXBuildFile; fileRef = A7BC2837224B9FA100A1A6DE /* InteractionsManager.swift */; };
/* End PBXBuildFile section */

/* Begin PBXFileReference section */
		A7033133224912330001172A /* CoreData.framework */ = {isa = PBXFileReference; lastKnownFileType = wrapper.framework; name = CoreData.framework; path = System/Library/Frameworks/CoreData.framework; sourceTree = SDKROOT; };
		A7098C4E224518920026BAFC /* Notification.swift */ = {isa = PBXFileReference; lastKnownFileType = sourcecode.swift; path = Notification.swift; sourceTree = "<group>"; };
		A709AB502248FD65002841A8 /* Stack.swift */ = {isa = PBXFileReference; lastKnownFileType = sourcecode.swift; name = Stack.swift; path = /Users/andu/Projects/Chronicy/ChronicyFramework/Shared/Timeline/Stack.swift; sourceTree = "<absolute>"; };
		A7109E24223570C200E3EB29 /* Module.swift */ = {isa = PBXFileReference; lastKnownFileType = sourcecode.swift; path = Module.swift; sourceTree = "<group>"; };
		A7109E262235741A00E3EB29 /* ModuleManager.swift */ = {isa = PBXFileReference; lastKnownFileType = sourcecode.swift; path = ModuleManager.swift; sourceTree = "<group>"; };
		A7109E282235756E00E3EB29 /* TrackableProperty.swift */ = {isa = PBXFileReference; lastKnownFileType = sourcecode.swift; path = TrackableProperty.swift; sourceTree = "<group>"; };
		A7109E2D22357D9700E3EB29 /* ApplicationManager.swift */ = {isa = PBXFileReference; lastKnownFileType = sourcecode.swift; path = ApplicationManager.swift; sourceTree = "<group>"; };
		A72204102240227C001E1BD5 /* SharedConstants.swift */ = {isa = PBXFileReference; lastKnownFileType = sourcecode.swift; path = SharedConstants.swift; sourceTree = "<group>"; };
		A760458722308D47007F3268 /* ChronicyFramework.framework */ = {isa = PBXFileReference; explicitFileType = wrapper.framework; includeInIndex = 0; path = ChronicyFramework.framework; sourceTree = BUILT_PRODUCTS_DIR; };
		A760458A22308D47007F3268 /* ChronicyFrameworkMacOS.h */ = {isa = PBXFileReference; lastKnownFileType = sourcecode.c.h; path = ChronicyFrameworkMacOS.h; sourceTree = "<group>"; };
		A760458B22308D47007F3268 /* Info.plist */ = {isa = PBXFileReference; lastKnownFileType = text.plist.xml; path = Info.plist; sourceTree = "<group>"; };
		A77617FC2231C3660038E815 /* Log.swift */ = {isa = PBXFileReference; lastKnownFileType = sourcecode.swift; path = Log.swift; sourceTree = "<group>"; };
		A79E4E802252966700E385CA /* Card.swift */ = {isa = PBXFileReference; lastKnownFileType = sourcecode.swift; path = Card.swift; sourceTree = "<group>"; };
		A79E4E822252975600E385CA /* Notebook.swift */ = {isa = PBXFileReference; lastKnownFileType = sourcecode.swift; path = Notebook.swift; sourceTree = "<group>"; };
		A79E4E842252987300E385CA /* CustomField.swift */ = {isa = PBXFileReference; lastKnownFileType = sourcecode.swift; path = CustomField.swift; sourceTree = "<group>"; };
		A7A52A6C2246777E0086E01F /* CoreDataStack.swift */ = {isa = PBXFileReference; lastKnownFileType = sourcecode.swift; path = CoreDataStack.swift; sourceTree = "<group>"; };
		A7A52A722246E9460086E01F /* Timeline.xcdatamodel */ = {isa = PBXFileReference; lastKnownFileType = wrapper.xcdatamodel; path = Timeline.xcdatamodel; sourceTree = "<group>"; };
		A7B2D428225273840012A9E5 /* KeyStorage.swift */ = {isa = PBXFileReference; fileEncoding = 4; lastKnownFileType = sourcecode.swift; path = KeyStorage.swift; sourceTree = "<group>"; };
		A7B2D42A2252738B0012A9E5 /* DistributedObjectManager.swift */ = {isa = PBXFileReference; fileEncoding = 4; lastKnownFileType = sourcecode.swift; path = DistributedObjectManager.swift; sourceTree = "<group>"; };
		A7BC2837224B9FA100A1A6DE /* InteractionsManager.swift */ = {isa = PBXFileReference; lastKnownFileType = sourcecode.swift; path = InteractionsManager.swift; sourceTree = "<group>"; };
/* End PBXFileReference section */

/* Begin PBXFrameworksBuildPhase section */
		A760458422308D47007F3268 /* Frameworks */ = {
			isa = PBXFrameworksBuildPhase;
			buildActionMask = 2147483647;
			files = (
			);
			runOnlyForDeploymentPostprocessing = 0;
		};
/* End PBXFrameworksBuildPhase section */

/* Begin PBXGroup section */
		A7033132224912330001172A /* Frameworks */ = {
			isa = PBXGroup;
			children = (
				A7033133224912330001172A /* CoreData.framework */,
			);
			name = Frameworks;
			sourceTree = "<group>";
		};
		A7109E2C22357D4900E3EB29 /* Application */ = {
			isa = PBXGroup;
			children = (
				A7109E2D22357D9700E3EB29 /* ApplicationManager.swift */,
			);
			path = Application;
			sourceTree = "<group>";
		};
		A7252A46223443D900EE554A /* Tracking */ = {
			isa = PBXGroup;
			children = (
				A7109E282235756E00E3EB29 /* TrackableProperty.swift */,
				A7109E24223570C200E3EB29 /* Module.swift */,
				A7109E262235741A00E3EB29 /* ModuleManager.swift */,
				A7BC2837224B9FA100A1A6DE /* InteractionsManager.swift */,
			);
			path = Tracking;
			sourceTree = "<group>";
		};
		A731E7612245ABD9000B62FB /* Core Data */ = {
			isa = PBXGroup;
			children = (
				A7A52A6C2246777E0086E01F /* CoreDataStack.swift */,
				A7A52A712246E9460086E01F /* Timeline.xcdatamodeld */,
			);
			path = "Core Data";
			sourceTree = "<group>";
		};
		A760457822308D01007F3268 = {
			isa = PBXGroup;
			children = (
				A760459022308D54007F3268 /* Shared */,
				A760458922308D47007F3268 /* ChronicyFrameworkMacOS */,
				A760458822308D47007F3268 /* Products */,
				A7033132224912330001172A /* Frameworks */,
			);
			sourceTree = "<group>";
		};
		A760458822308D47007F3268 /* Products */ = {
			isa = PBXGroup;
			children = (
				A760458722308D47007F3268 /* ChronicyFramework.framework */,
			);
			name = Products;
			sourceTree = "<group>";
		};
		A760458922308D47007F3268 /* ChronicyFrameworkMacOS */ = {
			isa = PBXGroup;
			children = (
				A76045AE22308E1B007F3268 /* Supporting Files */,
			);
			path = ChronicyFrameworkMacOS;
			sourceTree = "<group>";
		};
		A760459022308D54007F3268 /* Shared */ = {
			isa = PBXGroup;
			children = (
				A7109E2C22357D4900E3EB29 /* Application */,
				A76045AF22308EAA007F3268 /* Timeline */,
				A7252A46223443D900EE554A /* Tracking */,
				A731E7612245ABD9000B62FB /* Core Data */,
				A7B2D426225273090012A9E5 /* Storage */,
				A7B2D427225273510012A9E5 /* Inter Communication */,
				A7B2D42C225274AF0012A9E5 /* Web */,
				A77617FB2231C3270038E815 /* Utils */,
			);
			path = Shared;
			sourceTree = "<group>";
		};
		A76045AE22308E1B007F3268 /* Supporting Files */ = {
			isa = PBXGroup;
			children = (
				A760458A22308D47007F3268 /* ChronicyFrameworkMacOS.h */,
				A760458B22308D47007F3268 /* Info.plist */,
			);
			name = "Supporting Files";
			sourceTree = "<group>";
		};
		A76045AF22308EAA007F3268 /* Timeline */ = {
			isa = PBXGroup;
			children = (
				A79E4E822252975600E385CA /* Notebook.swift */,
				A709AB502248FD65002841A8 /* Stack.swift */,
				A79E4E802252966700E385CA /* Card.swift */,
				A79E4E842252987300E385CA /* CustomField.swift */,
			);
			path = Timeline;
			sourceTree = "<group>";
		};
		A77617FB2231C3270038E815 /* Utils */ = {
			isa = PBXGroup;
			children = (
				A77617FC2231C3660038E815 /* Log.swift */,
				A72204102240227C001E1BD5 /* SharedConstants.swift */,
				A7098C4E224518920026BAFC /* Notification.swift */,
			);
			path = Utils;
			sourceTree = "<group>";
		};
		A7B2D426225273090012A9E5 /* Storage */ = {
			isa = PBXGroup;
			children = (
				A7B2D428225273840012A9E5 /* KeyStorage.swift */,
			);
			path = Storage;
			sourceTree = "<group>";
		};
		A7B2D427225273510012A9E5 /* Inter Communication */ = {
			isa = PBXGroup;
			children = (
				A7B2D42A2252738B0012A9E5 /* DistributedObjectManager.swift */,
			);
			path = "Inter Communication";
			sourceTree = "<group>";
		};
		A7B2D42C225274AF0012A9E5 /* Web */ = {
			isa = PBXGroup;
			children = (
			);
			path = Web;
			sourceTree = "<group>";
		};
/* End PBXGroup section */

/* Begin PBXHeadersBuildPhase section */
		A760458222308D47007F3268 /* Headers */ = {
			isa = PBXHeadersBuildPhase;
			buildActionMask = 2147483647;
			files = (
				A760458C22308D47007F3268 /* ChronicyFrameworkMacOS.h in Headers */,
			);
			runOnlyForDeploymentPostprocessing = 0;
		};
/* End PBXHeadersBuildPhase section */

/* Begin PBXNativeTarget section */
		A760458622308D47007F3268 /* ChronicyFrameworkMacOS */ = {
			isa = PBXNativeTarget;
			buildConfigurationList = A760458D22308D47007F3268 /* Build configuration list for PBXNativeTarget "ChronicyFrameworkMacOS" */;
			buildPhases = (
				A760458222308D47007F3268 /* Headers */,
				A760458322308D47007F3268 /* Sources */,
				A760458422308D47007F3268 /* Frameworks */,
				A760458522308D47007F3268 /* Resources */,
			);
			buildRules = (
			);
			dependencies = (
			);
			name = ChronicyFrameworkMacOS;
			productName = ChronicyFrameworkMacOS;
			productReference = A760458722308D47007F3268 /* ChronicyFramework.framework */;
			productType = "com.apple.product-type.framework";
		};
/* End PBXNativeTarget section */

/* Begin PBXProject section */
		A760457922308D01007F3268 /* Project object */ = {
			isa = PBXProject;
			attributes = {
				LastUpgradeCheck = 1020;
				TargetAttributes = {
					A760458622308D47007F3268 = {
						CreatedOnToolsVersion = 10.1;
						LastSwiftMigration = 1020;
					};
				};
			};
			buildConfigurationList = A760457C22308D01007F3268 /* Build configuration list for PBXProject "ChronicyFramework" */;
			compatibilityVersion = "Xcode 9.3";
			developmentRegion = en;
			hasScannedForEncodings = 0;
			knownRegions = (
				en,
				Base,
			);
			mainGroup = A760457822308D01007F3268;
			productRefGroup = A760458822308D47007F3268 /* Products */;
			projectDirPath = "";
			projectRoot = "";
			targets = (
				A760458622308D47007F3268 /* ChronicyFrameworkMacOS */,
			);
		};
/* End PBXProject section */

/* Begin PBXResourcesBuildPhase section */
		A760458522308D47007F3268 /* Resources */ = {
			isa = PBXResourcesBuildPhase;
			buildActionMask = 2147483647;
			files = (
			);
			runOnlyForDeploymentPostprocessing = 0;
		};
/* End PBXResourcesBuildPhase section */

/* Begin PBXSourcesBuildPhase section */
		A760458322308D47007F3268 /* Sources */ = {
			isa = PBXSourcesBuildPhase;
			buildActionMask = 2147483647;
			files = (
				A7109E2E22357D9700E3EB29 /* ApplicationManager.swift in Sources */,
				A79E4E812252966700E385CA /* Card.swift in Sources */,
				A72204112240227C001E1BD5 /* SharedConstants.swift in Sources */,
				A7109E272235741A00E3EB29 /* ModuleManager.swift in Sources */,
				A7B2D42B2252738B0012A9E5 /* DistributedObjectManager.swift in Sources */,
				A709AB562248FD65002841A8 /* Stack.swift in Sources */,
				A7A52A6D2246777E0086E01F /* CoreDataStack.swift in Sources */,
				A7098C4F224518920026BAFC /* Notification.swift in Sources */,
				A77617FD2231C3660038E815 /* Log.swift in Sources */,
				A7B2D429225273840012A9E5 /* KeyStorage.swift in Sources */,
				A79E4E832252975600E385CA /* Notebook.swift in Sources */,
				A79E4E852252987300E385CA /* CustomField.swift in Sources */,
				A7109E292235756E00E3EB29 /* TrackableProperty.swift in Sources */,
				A7A52A732246E9460086E01F /* Timeline.xcdatamodeld in Sources */,
				A7109E25223570C200E3EB29 /* Module.swift in Sources */,
				A7BC2838224B9FA100A1A6DE /* InteractionsManager.swift in Sources */,
			);
			runOnlyForDeploymentPostprocessing = 0;
		};
/* End PBXSourcesBuildPhase section */

/* Begin XCBuildConfiguration section */
		A760457D22308D01007F3268 /* Debug */ = {
			isa = XCBuildConfiguration;
			buildSettings = {
				CLANG_WARN_BLOCK_CAPTURE_AUTORELEASING = YES;
				CLANG_WARN_BOOL_CONVERSION = YES;
				CLANG_WARN_COMMA = YES;
				CLANG_WARN_CONSTANT_CONVERSION = YES;
				CLANG_WARN_DEPRECATED_OBJC_IMPLEMENTATIONS = YES;
				CLANG_WARN_EMPTY_BODY = YES;
				CLANG_WARN_ENUM_CONVERSION = YES;
				CLANG_WARN_INFINITE_RECURSION = YES;
				CLANG_WARN_INT_CONVERSION = YES;
				CLANG_WARN_NON_LITERAL_NULL_CONVERSION = YES;
				CLANG_WARN_OBJC_IMPLICIT_RETAIN_SELF = YES;
				CLANG_WARN_OBJC_LITERAL_CONVERSION = YES;
				CLANG_WARN_RANGE_LOOP_ANALYSIS = YES;
				CLANG_WARN_STRICT_PROTOTYPES = YES;
				CLANG_WARN_SUSPICIOUS_MOVE = YES;
				CLANG_WARN_UNREACHABLE_CODE = YES;
				CLANG_WARN__DUPLICATE_METHOD_MATCH = YES;
				ENABLE_STRICT_OBJC_MSGSEND = YES;
				ENABLE_TESTABILITY = YES;
				GCC_NO_COMMON_BLOCKS = YES;
				GCC_WARN_64_TO_32_BIT_CONVERSION = YES;
				GCC_WARN_ABOUT_RETURN_TYPE = YES;
				GCC_WARN_UNDECLARED_SELECTOR = YES;
				GCC_WARN_UNINITIALIZED_AUTOS = YES;
				GCC_WARN_UNUSED_FUNCTION = YES;
				GCC_WARN_UNUSED_VARIABLE = YES;
				ONLY_ACTIVE_ARCH = YES;
			};
			name = Debug;
		};
		A760457E22308D01007F3268 /* Release */ = {
			isa = XCBuildConfiguration;
			buildSettings = {
				CLANG_WARN_BLOCK_CAPTURE_AUTORELEASING = YES;
				CLANG_WARN_BOOL_CONVERSION = YES;
				CLANG_WARN_COMMA = YES;
				CLANG_WARN_CONSTANT_CONVERSION = YES;
				CLANG_WARN_DEPRECATED_OBJC_IMPLEMENTATIONS = YES;
				CLANG_WARN_EMPTY_BODY = YES;
				CLANG_WARN_ENUM_CONVERSION = YES;
				CLANG_WARN_INFINITE_RECURSION = YES;
				CLANG_WARN_INT_CONVERSION = YES;
				CLANG_WARN_NON_LITERAL_NULL_CONVERSION = YES;
				CLANG_WARN_OBJC_IMPLICIT_RETAIN_SELF = YES;
				CLANG_WARN_OBJC_LITERAL_CONVERSION = YES;
				CLANG_WARN_RANGE_LOOP_ANALYSIS = YES;
				CLANG_WARN_STRICT_PROTOTYPES = YES;
				CLANG_WARN_SUSPICIOUS_MOVE = YES;
				CLANG_WARN_UNREACHABLE_CODE = YES;
				CLANG_WARN__DUPLICATE_METHOD_MATCH = YES;
				ENABLE_STRICT_OBJC_MSGSEND = YES;
				GCC_NO_COMMON_BLOCKS = YES;
				GCC_WARN_64_TO_32_BIT_CONVERSION = YES;
				GCC_WARN_ABOUT_RETURN_TYPE = YES;
				GCC_WARN_UNDECLARED_SELECTOR = YES;
				GCC_WARN_UNINITIALIZED_AUTOS = YES;
				GCC_WARN_UNUSED_FUNCTION = YES;
				GCC_WARN_UNUSED_VARIABLE = YES;
			};
			name = Release;
		};
		A760458E22308D47007F3268 /* Debug */ = {
			isa = XCBuildConfiguration;
			buildSettings = {
				ALWAYS_EMBED_SWIFT_STANDARD_LIBRARIES = NO;
				ALWAYS_SEARCH_USER_PATHS = NO;
				APPLICATION_EXTENSION_API_ONLY = YES;
				CLANG_ANALYZER_NONNULL = YES;
				CLANG_ANALYZER_NUMBER_OBJECT_CONVERSION = YES_AGGRESSIVE;
				CLANG_CXX_LANGUAGE_STANDARD = "gnu++14";
				CLANG_CXX_LIBRARY = "libc++";
				CLANG_ENABLE_MODULES = YES;
				CLANG_ENABLE_OBJC_ARC = YES;
				CLANG_ENABLE_OBJC_WEAK = YES;
				CLANG_WARN_BLOCK_CAPTURE_AUTORELEASING = YES;
				CLANG_WARN_BOOL_CONVERSION = YES;
				CLANG_WARN_COMMA = YES;
				CLANG_WARN_CONSTANT_CONVERSION = YES;
				CLANG_WARN_DEPRECATED_OBJC_IMPLEMENTATIONS = YES;
				CLANG_WARN_DIRECT_OBJC_ISA_USAGE = YES_ERROR;
				CLANG_WARN_DOCUMENTATION_COMMENTS = YES;
				CLANG_WARN_EMPTY_BODY = YES;
				CLANG_WARN_ENUM_CONVERSION = YES;
				CLANG_WARN_INFINITE_RECURSION = YES;
				CLANG_WARN_INT_CONVERSION = YES;
				CLANG_WARN_NON_LITERAL_NULL_CONVERSION = YES;
				CLANG_WARN_OBJC_IMPLICIT_RETAIN_SELF = YES;
				CLANG_WARN_OBJC_LITERAL_CONVERSION = YES;
				CLANG_WARN_OBJC_ROOT_CLASS = YES_ERROR;
				CLANG_WARN_RANGE_LOOP_ANALYSIS = YES;
				CLANG_WARN_STRICT_PROTOTYPES = YES;
				CLANG_WARN_SUSPICIOUS_MOVE = YES;
				CLANG_WARN_UNGUARDED_AVAILABILITY = YES_AGGRESSIVE;
				CLANG_WARN_UNREACHABLE_CODE = YES;
				CLANG_WARN__DUPLICATE_METHOD_MATCH = YES;
				CODE_SIGN_IDENTITY = "-";
				CODE_SIGN_STYLE = Automatic;
				COMBINE_HIDPI_IMAGES = YES;
				COPY_PHASE_STRIP = NO;
				CURRENT_PROJECT_VERSION = 1;
				DEBUG_INFORMATION_FORMAT = dwarf;
				DEFINES_MODULE = YES;
				DYLIB_COMPATIBILITY_VERSION = 1;
				DYLIB_CURRENT_VERSION = 1;
				DYLIB_INSTALL_NAME_BASE = "@rpath";
				ENABLE_STRICT_OBJC_MSGSEND = YES;
				ENABLE_TESTABILITY = YES;
				FRAMEWORK_VERSION = A;
				GCC_C_LANGUAGE_STANDARD = gnu11;
				GCC_DYNAMIC_NO_PIC = NO;
				GCC_NO_COMMON_BLOCKS = YES;
				GCC_OPTIMIZATION_LEVEL = 0;
				GCC_PREPROCESSOR_DEFINITIONS = (
					"DEBUG=1",
					"$(inherited)",
				);
				GCC_WARN_64_TO_32_BIT_CONVERSION = YES;
				GCC_WARN_ABOUT_RETURN_TYPE = YES_ERROR;
				GCC_WARN_UNDECLARED_SELECTOR = YES;
				GCC_WARN_UNINITIALIZED_AUTOS = YES_AGGRESSIVE;
				GCC_WARN_UNUSED_FUNCTION = YES;
				GCC_WARN_UNUSED_VARIABLE = YES;
				INFOPLIST_FILE = ChronicyFrameworkMacOS/Info.plist;
				INSTALL_PATH = "$(LOCAL_LIBRARY_DIR)/Frameworks";
				LD_RUNPATH_SEARCH_PATHS = (
					"$(inherited)",
					"@executable_path/../Frameworks",
					"@loader_path/Frameworks",
				);
				MACOSX_DEPLOYMENT_TARGET = 10.14;
				MTL_ENABLE_DEBUG_INFO = INCLUDE_SOURCE;
				MTL_FAST_MATH = YES;
				ONLY_ACTIVE_ARCH = YES;
				PRODUCT_BUNDLE_IDENTIFIER = ro.internals.ChronicyFrameworkMacOS;
				PRODUCT_NAME = ChronicyFramework;
				SDKROOT = macosx;
				SKIP_INSTALL = YES;
				SWIFT_ACTIVE_COMPILATION_CONDITIONS = DEBUG;
				SWIFT_OPTIMIZATION_LEVEL = "-Onone";
				SWIFT_VERSION = 5.0;
				VERSIONING_SYSTEM = "apple-generic";
				VERSION_INFO_PREFIX = "";
			};
			name = Debug;
		};
		A760458F22308D47007F3268 /* Release */ = {
			isa = XCBuildConfiguration;
			buildSettings = {
				ALWAYS_EMBED_SWIFT_STANDARD_LIBRARIES = NO;
				ALWAYS_SEARCH_USER_PATHS = NO;
				APPLICATION_EXTENSION_API_ONLY = YES;
				CLANG_ANALYZER_NONNULL = YES;
				CLANG_ANALYZER_NUMBER_OBJECT_CONVERSION = YES_AGGRESSIVE;
				CLANG_CXX_LANGUAGE_STANDARD = "gnu++14";
				CLANG_CXX_LIBRARY = "libc++";
				CLANG_ENABLE_MODULES = YES;
				CLANG_ENABLE_OBJC_ARC = YES;
				CLANG_ENABLE_OBJC_WEAK = YES;
				CLANG_WARN_BLOCK_CAPTURE_AUTORELEASING = YES;
				CLANG_WARN_BOOL_CONVERSION = YES;
				CLANG_WARN_COMMA = YES;
				CLANG_WARN_CONSTANT_CONVERSION = YES;
				CLANG_WARN_DEPRECATED_OBJC_IMPLEMENTATIONS = YES;
				CLANG_WARN_DIRECT_OBJC_ISA_USAGE = YES_ERROR;
				CLANG_WARN_DOCUMENTATION_COMMENTS = YES;
				CLANG_WARN_EMPTY_BODY = YES;
				CLANG_WARN_ENUM_CONVERSION = YES;
				CLANG_WARN_INFINITE_RECURSION = YES;
				CLANG_WARN_INT_CONVERSION = YES;
				CLANG_WARN_NON_LITERAL_NULL_CONVERSION = YES;
				CLANG_WARN_OBJC_IMPLICIT_RETAIN_SELF = YES;
				CLANG_WARN_OBJC_LITERAL_CONVERSION = YES;
				CLANG_WARN_OBJC_ROOT_CLASS = YES_ERROR;
				CLANG_WARN_RANGE_LOOP_ANALYSIS = YES;
				CLANG_WARN_STRICT_PROTOTYPES = YES;
				CLANG_WARN_SUSPICIOUS_MOVE = YES;
				CLANG_WARN_UNGUARDED_AVAILABILITY = YES_AGGRESSIVE;
				CLANG_WARN_UNREACHABLE_CODE = YES;
				CLANG_WARN__DUPLICATE_METHOD_MATCH = YES;
				CODE_SIGN_IDENTITY = "-";
				CODE_SIGN_STYLE = Automatic;
				COMBINE_HIDPI_IMAGES = YES;
				COPY_PHASE_STRIP = NO;
				CURRENT_PROJECT_VERSION = 1;
				DEBUG_INFORMATION_FORMAT = "dwarf-with-dsym";
				DEFINES_MODULE = YES;
				DYLIB_COMPATIBILITY_VERSION = 1;
				DYLIB_CURRENT_VERSION = 1;
				DYLIB_INSTALL_NAME_BASE = "@rpath";
				ENABLE_NS_ASSERTIONS = NO;
				ENABLE_STRICT_OBJC_MSGSEND = YES;
				FRAMEWORK_VERSION = A;
				GCC_C_LANGUAGE_STANDARD = gnu11;
				GCC_NO_COMMON_BLOCKS = YES;
				GCC_WARN_64_TO_32_BIT_CONVERSION = YES;
				GCC_WARN_ABOUT_RETURN_TYPE = YES_ERROR;
				GCC_WARN_UNDECLARED_SELECTOR = YES;
				GCC_WARN_UNINITIALIZED_AUTOS = YES_AGGRESSIVE;
				GCC_WARN_UNUSED_FUNCTION = YES;
				GCC_WARN_UNUSED_VARIABLE = YES;
				INFOPLIST_FILE = ChronicyFrameworkMacOS/Info.plist;
				INSTALL_PATH = "$(LOCAL_LIBRARY_DIR)/Frameworks";
				LD_RUNPATH_SEARCH_PATHS = (
					"$(inherited)",
					"@executable_path/../Frameworks",
					"@loader_path/Frameworks",
				);
				MACOSX_DEPLOYMENT_TARGET = 10.14;
				MTL_ENABLE_DEBUG_INFO = NO;
				MTL_FAST_MATH = YES;
				PRODUCT_BUNDLE_IDENTIFIER = ro.internals.ChronicyFrameworkMacOS;
				PRODUCT_NAME = ChronicyFramework;
				SDKROOT = macosx;
				SKIP_INSTALL = YES;
				SWIFT_COMPILATION_MODE = wholemodule;
				SWIFT_OPTIMIZATION_LEVEL = "-O";
				SWIFT_VERSION = 5.0;
				VERSIONING_SYSTEM = "apple-generic";
				VERSION_INFO_PREFIX = "";
			};
			name = Release;
		};
/* End XCBuildConfiguration section */

/* Begin XCConfigurationList section */
		A760457C22308D01007F3268 /* Build configuration list for PBXProject "ChronicyFramework" */ = {
			isa = XCConfigurationList;
			buildConfigurations = (
				A760457D22308D01007F3268 /* Debug */,
				A760457E22308D01007F3268 /* Release */,
			);
			defaultConfigurationIsVisible = 0;
			defaultConfigurationName = Release;
		};
		A760458D22308D47007F3268 /* Build configuration list for PBXNativeTarget "ChronicyFrameworkMacOS" */ = {
			isa = XCConfigurationList;
			buildConfigurations = (
				A760458E22308D47007F3268 /* Debug */,
				A760458F22308D47007F3268 /* Release */,
			);
			defaultConfigurationIsVisible = 0;
			defaultConfigurationName = Release;
		};
/* End XCConfigurationList section */

/* Begin XCVersionGroup section */
		A7A52A712246E9460086E01F /* Timeline.xcdatamodeld */ = {
			isa = XCVersionGroup;
			children = (
				A7A52A722246E9460086E01F /* Timeline.xcdatamodel */,
			);
			currentVersion = A7A52A722246E9460086E01F /* Timeline.xcdatamodel */;
			path = Timeline.xcdatamodeld;
			sourceTree = "<group>";
			versionGroupType = wrapper.xcdatamodel;
		};
/* End XCVersionGroup section */
	};
	rootObject = A760457922308D01007F3268 /* Project object */;
}
