PODS:
  - Alamofire (4.9.1)
  - BulletinBoard (4.1.0)
  - Cards (1.4.0):
    - Player (= 0.13.0)
  - KeychainSwift (18.0.0)
  - Player (0.13.0)
  - SPPermission (4.1):
    - SPPermission/Core (= 4.1)
  - SPPermission/Core (4.1)

DEPENDENCIES:
  - Alamofire
  - BulletinBoard
  - Cards
  - KeychainSwift
  - SPPermission

SPEC REPOS:
  trunk:
    - Alamofire
    - BulletinBoard
    - Cards
    - KeychainSwift
    - Player
    - SPPermission

SPEC CHECKSUMS:
  Alamofire: 85e8a02c69d6020a0d734f6054870d7ecb75cf18
  BulletinBoard: c774340545b5cfd05a96a89f63b105ecc95c86f9
  Cards: 45ae6bd0eca7b5e8016d3b6cb30b60b04753f68f
  KeychainSwift: c46e1438d121e47459fb304ac88c5e058a2a91ed
  Player: 968d8d07d923bcdd6f7e4091c9e306eb44a5f7a4
  SPPermission: 2a07b0c4ee6b1a37dc0174b6a4c970ff9a5dd7bd

PODFILE CHECKSUM: 5b19d91260c780967db0281ce9c7b1e96e100d3c

COCOAPODS: 1.8.4
