PODS:
  - Alamofire (4.8.2)
  - BulletinBoard (3.0.0)
  - Cards (1.4.0):
    - Player (= 0.13.0)
  - Player (0.13.0)
  - SPPermission (3.0.5)

DEPENDENCIES:
  - Alamofire
  - BulletinBoard
  - Cards
  - SPPermission

SPEC REPOS:
  https://github.com/cocoapods/specs.git:
    - Alamofire
    - BulletinBoard
    - Cards
    - Player
    - SPPermission

SPEC CHECKSUMS:
  Alamofire: ae5c501addb7afdbb13687d7f2f722c78734c2d3
  BulletinBoard: 927f4f9fd22503ceecd71bfc830fd65d5996593a
  Cards: 45ae6bd0eca7b5e8016d3b6cb30b60b04753f68f
  Player: 968d8d07d923bcdd6f7e4091c9e306eb44a5f7a4
  SPPermission: 6a6fcd3f5625dcb13c24de0d43fbfc4114f49532

PODFILE CHECKSUM: 02da3c173b530c631129caacf9328dd3cdf7d9e1

COCOAPODS: 1.7.0.beta.3
