// !$*UTF8*$!
{
	archiveVersion = 1;
	classes = {
	};
	objectVersion = 51;
	objects = {

/* Begin PBXBuildFile section */
		282FC8AC17313513307E566E /* Pods_ChronicyMacOS.framework in Frameworks */ = {isa = PBXBuildFile; fileRef = 4451D2CE4F583D8E53A872ED /* Pods_ChronicyMacOS.framework */; };
		49364E0DDCBE88C14FD34F08 /* Pods_ChronicyShareExtension.framework in Frameworks */ = {isa = PBXBuildFile; fileRef = 7FE81E5E76E7789EA4D859DA /* Pods_ChronicyShareExtension.framework */; };
		54380F0070124DBA5B476C74 /* Pods_ChronicySafariExtension.framework in Frameworks */ = {isa = PBXBuildFile; fileRef = 4AC6E38C48EC0E414E2C22D3 /* Pods_ChronicySafariExtension.framework */; };
		A10839D7FE2D7C9DBE4AD043 /* Pods_ChronicyiOS.framework in Frameworks */ = {isa = PBXBuildFile; fileRef = 1BF3AB9967C69DB5EDF29F9C /* Pods_ChronicyiOS.framework */; };
		A70D399B22553AD900580FF4 /* Color.swift in Sources */ = {isa = PBXBuildFile; fileRef = A70D399A22553AD900580FF4 /* Color.swift */; };
		A70D83272264BADF007A33D7 /* TextEditorViewController.swift in Sources */ = {isa = PBXBuildFile; fileRef = A70D83252264BADF007A33D7 /* TextEditorViewController.swift */; };
		A70D83282264BADF007A33D7 /* TextEditorViewController.xib in Resources */ = {isa = PBXBuildFile; fileRef = A70D83262264BADF007A33D7 /* TextEditorViewController.xib */; };
		A70D832B2264D277007A33D7 /* NumericEditorViewController.swift in Sources */ = {isa = PBXBuildFile; fileRef = A70D83292264D277007A33D7 /* NumericEditorViewController.swift */; };
		A70D832C2264D277007A33D7 /* NumericEditorViewController.xib in Resources */ = {isa = PBXBuildFile; fileRef = A70D832A2264D277007A33D7 /* NumericEditorViewController.xib */; };
		A70E8C872279DD86003FE68C /* EditorViewController.swift in Sources */ = {isa = PBXBuildFile; fileRef = A70E8C862279DD86003FE68C /* EditorViewController.swift */; };
		A70ED2532249B27200E53AAE /* ViewControllerPresenter.swift in Sources */ = {isa = PBXBuildFile; fileRef = A70ED2522249B27200E53AAE /* ViewControllerPresenter.swift */; };
		A7109E312235849400E3EB29 /* ViewLoader.swift in Sources */ = {isa = PBXBuildFile; fileRef = A7109E302235849400E3EB29 /* ViewLoader.swift */; };
		A7109E3422358E3800E3EB29 /* ApplicationManager.swift in Sources */ = {isa = PBXBuildFile; fileRef = A7109E3322358E3800E3EB29 /* ApplicationManager.swift */; };
		A71504C4224CFE5300DD1214 /* ToolbarItemIcon.pdf in Resources */ = {isa = PBXBuildFile; fileRef = A71504C3224CFE5200DD1214 /* ToolbarItemIcon.pdf */; };
		A718DF932279032C00990D2D /* StackFieldEditorViewController.swift in Sources */ = {isa = PBXBuildFile; fileRef = A718DF912279032C00990D2D /* StackFieldEditorViewController.swift */; };
		A718DF942279032C00990D2D /* StackFieldEditorViewController.xib in Resources */ = {isa = PBXBuildFile; fileRef = A718DF922279032C00990D2D /* StackFieldEditorViewController.xib */; };
		A71E06BF22591C5700305EC4 /* AlamofireRequestable.swift in Sources */ = {isa = PBXBuildFile; fileRef = A71E06BE22591C5700305EC4 /* AlamofireRequestable.swift */; };
		A71EAE322270AC2D00ED840C /* ActivityViewController.swift in Sources */ = {isa = PBXBuildFile; fileRef = A71EAE302270AC2D00ED840C /* ActivityViewController.swift */; };
		A71EAE332270AC2D00ED840C /* ActivityViewController.xib in Resources */ = {isa = PBXBuildFile; fileRef = A71EAE312270AC2D00ED840C /* ActivityViewController.xib */; };
		A71EAE372270FFBE00ED840C /* ActivityCellView.swift in Sources */ = {isa = PBXBuildFile; fileRef = A71EAE362270FFBE00ED840C /* ActivityCellView.swift */; };
		A71EAE392270FFDB00ED840C /* ActivityCellView.xib in Resources */ = {isa = PBXBuildFile; fileRef = A71EAE382270FFDB00ED840C /* ActivityCellView.xib */; };
		A71EAE3E2271032F00ED840C /* NotebooksViewController.swift in Sources */ = {isa = PBXBuildFile; fileRef = A71EAE3C2271032F00ED840C /* NotebooksViewController.swift */; };
		A71EAE3F2271032F00ED840C /* NotebooksViewController.xib in Resources */ = {isa = PBXBuildFile; fileRef = A71EAE3D2271032F00ED840C /* NotebooksViewController.xib */; };
		A7291F9A226652F000692B75 /* ChronicyFrameworkMacOS.framework in Frameworks */ = {isa = PBXBuildFile; fileRef = A76045A722308DA6007F3268 /* ChronicyFrameworkMacOS.framework */; };
		A7291F9C22667A7A00692B75 /* MainViewController.swift in Sources */ = {isa = PBXBuildFile; fileRef = A7291F9B22667A7A00692B75 /* MainViewController.swift */; };
		A72BB15E2237280C008575FC /* Cocoa.framework in Frameworks */ = {isa = PBXBuildFile; fileRef = A72BB15D2237280C008575FC /* Cocoa.framework */; };
		A72BB16F2237280C008575FC /* ChronicySafariExtension.appex in Embed App Extensions */ = {isa = PBXBuildFile; fileRef = A72BB15B2237280C008575FC /* ChronicySafariExtension.appex */; settings = {ATTRIBUTES = (RemoveHeadersOnCopy, ); }; };
		A72BB1882237287D008575FC /* SafariExtensionHandler.swift in Sources */ = {isa = PBXBuildFile; fileRef = A72BB1802237287D008575FC /* SafariExtensionHandler.swift */; };
		A72BB1892237287D008575FC /* SafariExtensionViewController.xib in Resources */ = {isa = PBXBuildFile; fileRef = A72BB1822237287D008575FC /* SafariExtensionViewController.xib */; };
		A72BB18A2237287D008575FC /* script.js in Resources */ = {isa = PBXBuildFile; fileRef = A72BB1842237287D008575FC /* script.js */; };
		A72BB18C2237287D008575FC /* SafariExtensionViewController.swift in Sources */ = {isa = PBXBuildFile; fileRef = A72BB1862237287D008575FC /* SafariExtensionViewController.swift */; };
		A740E290224D0071007DA788 /* Assets.xcassets in Resources */ = {isa = PBXBuildFile; fileRef = A740E28F224D0071007DA788 /* Assets.xcassets */; };
		A7500D73227371E0007B5423 /* StackRemoveViewController.swift in Sources */ = {isa = PBXBuildFile; fileRef = A7500D71227371E0007B5423 /* StackRemoveViewController.swift */; };
		A7500D74227371E0007B5423 /* StackRemoveViewController.xib in Resources */ = {isa = PBXBuildFile; fileRef = A7500D72227371E0007B5423 /* StackRemoveViewController.xib */; };
		A7515F242231ADAD00380978 /* WindowController.swift in Sources */ = {isa = PBXBuildFile; fileRef = A7515F222231ADAD00380978 /* WindowController.swift */; };
		A75220C92252044500C7A54E /* ShareViewController.swift in Sources */ = {isa = PBXBuildFile; fileRef = A75220C82252044500C7A54E /* ShareViewController.swift */; };
		A75220CC2252044500C7A54E /* ShareViewController.xib in Resources */ = {isa = PBXBuildFile; fileRef = A75220CA2252044500C7A54E /* ShareViewController.xib */; };
		A75220D12252044500C7A54E /* ChronicyShareExtension.appex in Embed App Extensions */ = {isa = PBXBuildFile; fileRef = A75220C62252044500C7A54E /* ChronicyShareExtension.appex */; settings = {ATTRIBUTES = (RemoveHeadersOnCopy, ); }; };
		A760459922308DA5007F3268 /* AppDelegate.swift in Sources */ = {isa = PBXBuildFile; fileRef = A760459822308DA5007F3268 /* AppDelegate.swift */; };
		A76045A222308DA6007F3268 /* Main.storyboard in Resources */ = {isa = PBXBuildFile; fileRef = A76045A022308DA6007F3268 /* Main.storyboard */; };
		A77617FA2231C1450038E815 /* Assets.xcassets in Resources */ = {isa = PBXBuildFile; fileRef = A77617F92231C1450038E815 /* Assets.xcassets */; };
		A77618012231C8BD0038E815 /* Log.swift in Sources */ = {isa = PBXBuildFile; fileRef = A77618002231C8BD0038E815 /* Log.swift */; };
		A77D5084224CEC2400F7A527 /* Resources in Resources */ = {isa = PBXBuildFile; fileRef = A77D5083224CEC2400F7A527 /* Resources */; };
		A78631F622776D3900F53D4D /* KeyStorage.swift in Sources */ = {isa = PBXBuildFile; fileRef = A78631F422776D3900F53D4D /* KeyStorage.swift */; };
		A78631F722776D3900F53D4D /* DistributedObjectManager.swift in Sources */ = {isa = PBXBuildFile; fileRef = A78631F522776D3900F53D4D /* DistributedObjectManager.swift */; };
		A78631F922776D6A00F53D4D /* Log.swift in Sources */ = {isa = PBXBuildFile; fileRef = A78631F822776D6A00F53D4D /* Log.swift */; };
		A78631FB22776D9D00F53D4D /* SharedConstants.swift in Sources */ = {isa = PBXBuildFile; fileRef = A78631FA22776D9D00F53D4D /* SharedConstants.swift */; };
		A78CCC3422776F19007BAE9C /* ExtensionStack.swift in Sources */ = {isa = PBXBuildFile; fileRef = A78CCC3022776F19007BAE9C /* ExtensionStack.swift */; };
		A78CCC3522776F19007BAE9C /* ExtensionNotebook.swift in Sources */ = {isa = PBXBuildFile; fileRef = A78CCC3322776F19007BAE9C /* ExtensionNotebook.swift */; };
		A78CCC39227770B1007BAE9C /* ExtensionField.swift in Sources */ = {isa = PBXBuildFile; fileRef = A78CCC38227770B1007BAE9C /* ExtensionField.swift */; };
		A78CCC3D2277B469007BAE9C /* FieldDefinition.swift in Sources */ = {isa = PBXBuildFile; fileRef = A78CCC3C2277B469007BAE9C /* FieldDefinition.swift */; };
		A78CCC3F2277B499007BAE9C /* FieldContainer.swift in Sources */ = {isa = PBXBuildFile; fileRef = A78CCC3E2277B499007BAE9C /* FieldContainer.swift */; };
		A78D4D1F2253DD6F005CE553 /* AppDelegate.swift in Sources */ = {isa = PBXBuildFile; fileRef = A78D4D1E2253DD6F005CE553 /* AppDelegate.swift */; };
		A78D4D242253DD6F005CE553 /* Main.storyboard in Resources */ = {isa = PBXBuildFile; fileRef = A78D4D222253DD6F005CE553 /* Main.storyboard */; };
		A78D4D262253DD70005CE553 /* Assets.xcassets in Resources */ = {isa = PBXBuildFile; fileRef = A78D4D252253DD70005CE553 /* Assets.xcassets */; };
		A78D4D292253DD70005CE553 /* LaunchScreen.storyboard in Resources */ = {isa = PBXBuildFile; fileRef = A78D4D272253DD70005CE553 /* LaunchScreen.storyboard */; };
		A78E6A692266458B006A00C7 /* ChronicyFrameworkMacOS.framework in Frameworks */ = {isa = PBXBuildFile; fileRef = A76045A722308DA6007F3268 /* ChronicyFrameworkMacOS.framework */; };
		A78E6A8C226647A0006A00C7 /* ChronicyFrameworkiOS.framework in Frameworks */ = {isa = PBXBuildFile; fileRef = A78E6A8B226647A0006A00C7 /* ChronicyFrameworkiOS.framework */; };
		A7926D0A22676ED3002F9478 /* ArticleViewController.swift in Sources */ = {isa = PBXBuildFile; fileRef = A7926D0922676ED3002F9478 /* ArticleViewController.swift */; };
		A794AB4A225F08E0004BA2E0 /* PageManager.swift in Sources */ = {isa = PBXBuildFile; fileRef = A794AB49225F08E0004BA2E0 /* PageManager.swift */; };
		A794AB4D225F0F04004BA2E0 /* CardTag.swift in Sources */ = {isa = PBXBuildFile; fileRef = A794AB4C225F0F04004BA2E0 /* CardTag.swift */; };
		A798867322399C690029A791 /* ContentTracker.swift in Sources */ = {isa = PBXBuildFile; fileRef = A798867222399C690029A791 /* ContentTracker.swift */; };
		A798867522399D520029A791 /* ContentTrackerManager.swift in Sources */ = {isa = PBXBuildFile; fileRef = A798867422399D520029A791 /* ContentTrackerManager.swift */; };
		A79886782239AB760029A791 /* ExtensionStateManager.swift in Sources */ = {isa = PBXBuildFile; fileRef = A79886772239AB760029A791 /* ExtensionStateManager.swift */; };
		A79EEAB62273B1E200EE354C /* BrowserTracker.swift in Sources */ = {isa = PBXBuildFile; fileRef = A79EEAB22273B1E200EE354C /* BrowserTracker.swift */; };
		A79EEAB72273B1E200EE354C /* SafariBrowserTracker.swift in Sources */ = {isa = PBXBuildFile; fileRef = A79EEAB52273B1E200EE354C /* SafariBrowserTracker.swift */; };
		A7A7C2EE224A7ABC000D114E /* OutlineCentralViewController.swift in Sources */ = {isa = PBXBuildFile; fileRef = A7A7C2EC224A7ABC000D114E /* OutlineCentralViewController.swift */; };
		A7A7C2EF224A7ABC000D114E /* OutlineCentralViewController.xib in Resources */ = {isa = PBXBuildFile; fileRef = A7A7C2ED224A7ABC000D114E /* OutlineCentralViewController.xib */; };
		A7A88AC422429EF500C5A94E /* OutlineViewController.swift in Sources */ = {isa = PBXBuildFile; fileRef = A7A88AC222429EF500C5A94E /* OutlineViewController.swift */; };
		A7A88AC522429EF500C5A94E /* OutlineViewController.xib in Resources */ = {isa = PBXBuildFile; fileRef = A7A88AC322429EF500C5A94E /* OutlineViewController.xib */; };
		A7A88ACF2242B0A600C5A94E /* View.swift in Sources */ = {isa = PBXBuildFile; fileRef = A7A88ACE2242B0A600C5A94E /* View.swift */; };
		A7A88AD82242B7BF00C5A94E /* OutlineStackView.swift in Sources */ = {isa = PBXBuildFile; fileRef = A7A88AD42242B7BF00C5A94E /* OutlineStackView.swift */; };
		A7A88AD92242B7BF00C5A94E /* OutlineCellView.swift in Sources */ = {isa = PBXBuildFile; fileRef = A7A88AD52242B7BF00C5A94E /* OutlineCellView.swift */; };
		A7A88ADA2242B7BF00C5A94E /* OutlineCellView.xib in Resources */ = {isa = PBXBuildFile; fileRef = A7A88AD62242B7BF00C5A94E /* OutlineCellView.xib */; };
		A7A88ADB2242B7BF00C5A94E /* OutlineStackView.xib in Resources */ = {isa = PBXBuildFile; fileRef = A7A88AD72242B7BF00C5A94E /* OutlineStackView.xib */; };
		A7A88ADE2242C44300C5A94E /* MainViewController.swift in Sources */ = {isa = PBXBuildFile; fileRef = A7A88ADC2242C44300C5A94E /* MainViewController.swift */; };
		A7A88ADF2242C44300C5A94E /* MainViewController.xib in Resources */ = {isa = PBXBuildFile; fileRef = A7A88ADD2242C44300C5A94E /* MainViewController.xib */; };
		A7A88AE92242C87100C5A94E /* TImelineViewController.swift in Sources */ = {isa = PBXBuildFile; fileRef = A7A88AE72242C87100C5A94E /* TImelineViewController.swift */; };
		A7A88AEA2242C87100C5A94E /* TImelineViewController.xib in Resources */ = {isa = PBXBuildFile; fileRef = A7A88AE82242C87100C5A94E /* TImelineViewController.xib */; };
		A7AB5AF122747040004EEDDD /* NotebookCollection.swift in Sources */ = {isa = PBXBuildFile; fileRef = A7AB5AF022747040004EEDDD /* NotebookCollection.swift */; };
		A7BC2841224BDD8A00A1A6DE /* NotificationSender.swift in Sources */ = {isa = PBXBuildFile; fileRef = A7BC2840224BDD8A00A1A6DE /* NotificationSender.swift */; };
		A7BC2845224BF3D300A1A6DE /* ContentView.swift in Sources */ = {isa = PBXBuildFile; fileRef = A7BC2844224BF3D300A1A6DE /* ContentView.swift */; };
		A7CD73A0225D1AD600C94B23 /* FatSidebar.framework in Frameworks */ = {isa = PBXBuildFile; fileRef = A7CD7399225D119E00C94B23 /* FatSidebar.framework */; };
		A7CD73A2225D1C2000C94B23 /* Sidebar.swift in Sources */ = {isa = PBXBuildFile; fileRef = A7CD73A1225D1C2000C94B23 /* Sidebar.swift */; };
		A7CD73A4225D2BFC00C94B23 /* CustomField.swift in Sources */ = {isa = PBXBuildFile; fileRef = A7CD73A3225D2BFC00C94B23 /* CustomField.swift */; };
		A7E4512B224811C200848AF5 /* StackEditorViewController.swift in Sources */ = {isa = PBXBuildFile; fileRef = A7E45129224811C200848AF5 /* StackEditorViewController.swift */; };
		A7E4512C224811C200848AF5 /* StackEditorViewController.xib in Resources */ = {isa = PBXBuildFile; fileRef = A7E4512A224811C200848AF5 /* StackEditorViewController.xib */; };
		A7E4512F22481BB200848AF5 /* CardEditorViewController.swift in Sources */ = {isa = PBXBuildFile; fileRef = A7E4512D22481BB200848AF5 /* CardEditorViewController.swift */; };
		A7E4513022481BB200848AF5 /* CardEditorViewController.xib in Resources */ = {isa = PBXBuildFile; fileRef = A7E4512E22481BB200848AF5 /* CardEditorViewController.xib */; };
/* End PBXBuildFile section */

/* Begin PBXContainerItemProxy section */
		A72BB16D2237280C008575FC /* PBXContainerItemProxy */ = {
			isa = PBXContainerItemProxy;
			containerPortal = A7C5C161223088B000C0B27B /* Project object */;
			proxyType = 1;
			remoteGlobalIDString = A72BB15A2237280C008575FC;
			remoteInfo = ChronicySafariExtension;
		};
		A75220CF2252044500C7A54E /* PBXContainerItemProxy */ = {
			isa = PBXContainerItemProxy;
			containerPortal = A7C5C161223088B000C0B27B /* Project object */;
			proxyType = 1;
			remoteGlobalIDString = A75220C52252044500C7A54E;
			remoteInfo = ChronicyShareExtension;
		};
		A76045A622308DA6007F3268 /* PBXContainerItemProxy */ = {
			isa = PBXContainerItemProxy;
			containerPortal = A760457F22308D01007F3268 /* ChronicyFramework.xcodeproj */;
			proxyType = 2;
			remoteGlobalIDString = A760458722308D47007F3268;
			remoteInfo = ChronicyFrameworkMacOS;
		};
		A78E6A8A226647A0006A00C7 /* PBXContainerItemProxy */ = {
			isa = PBXContainerItemProxy;
			containerPortal = A760457F22308D01007F3268 /* ChronicyFramework.xcodeproj */;
			proxyType = 2;
			remoteGlobalIDString = A78E6A7022664688006A00C7;
			remoteInfo = ChronicyFrameworkiOS;
		};
		A7CD7398225D119E00C94B23 /* PBXContainerItemProxy */ = {
			isa = PBXContainerItemProxy;
			containerPortal = A7CD7392225D119E00C94B23 /* FatSidebar.xcodeproj */;
			proxyType = 2;
			remoteGlobalIDString = 507CF3671E8797D000623B5E;
			remoteInfo = FatSidebar;
		};
		A7CD739E225D14CF00C94B23 /* PBXContainerItemProxy */ = {
			isa = PBXContainerItemProxy;
			containerPortal = A7CD7392225D119E00C94B23 /* FatSidebar.xcodeproj */;
			proxyType = 1;
			remoteGlobalIDString = 507CF3661E8797D000623B5E;
			remoteInfo = FatSidebar;
		};
/* End PBXContainerItemProxy section */

/* Begin PBXCopyFilesBuildPhase section */
		A72BB1732237280C008575FC /* Embed App Extensions */ = {
			isa = PBXCopyFilesBuildPhase;
			buildActionMask = 2147483647;
			dstPath = "";
			dstSubfolderSpec = 13;
			files = (
				A72BB16F2237280C008575FC /* ChronicySafariExtension.appex in Embed App Extensions */,
				A75220D12252044500C7A54E /* ChronicyShareExtension.appex in Embed App Extensions */,
			);
			name = "Embed App Extensions";
			runOnlyForDeploymentPostprocessing = 0;
		};
/* End PBXCopyFilesBuildPhase section */

/* Begin PBXFileReference section */
		0D7AC4F1658E40332169FC0F /* Pods-ChronicyiOS.debug.xcconfig */ = {isa = PBXFileReference; includeInIndex = 1; lastKnownFileType = text.xcconfig; name = "Pods-ChronicyiOS.debug.xcconfig"; path = "Target Support Files/Pods-ChronicyiOS/Pods-ChronicyiOS.debug.xcconfig"; sourceTree = "<group>"; };
		1BF3AB9967C69DB5EDF29F9C /* Pods_ChronicyiOS.framework */ = {isa = PBXFileReference; explicitFileType = wrapper.framework; includeInIndex = 0; path = Pods_ChronicyiOS.framework; sourceTree = BUILT_PRODUCTS_DIR; };
		250C3BDCA196C59D57DB047F /* Pods-ChronicySafariExtension.release.xcconfig */ = {isa = PBXFileReference; includeInIndex = 1; lastKnownFileType = text.xcconfig; name = "Pods-ChronicySafariExtension.release.xcconfig"; path = "Target Support Files/Pods-ChronicySafariExtension/Pods-ChronicySafariExtension.release.xcconfig"; sourceTree = "<group>"; };
		39724E4C21F2577A81734C36 /* Pods-ChronicyShareExtension.debug.xcconfig */ = {isa = PBXFileReference; includeInIndex = 1; lastKnownFileType = text.xcconfig; name = "Pods-ChronicyShareExtension.debug.xcconfig"; path = "Target Support Files/Pods-ChronicyShareExtension/Pods-ChronicyShareExtension.debug.xcconfig"; sourceTree = "<group>"; };
		4451D2CE4F583D8E53A872ED /* Pods_ChronicyMacOS.framework */ = {isa = PBXFileReference; explicitFileType = wrapper.framework; includeInIndex = 0; path = Pods_ChronicyMacOS.framework; sourceTree = BUILT_PRODUCTS_DIR; };
		4AC6E38C48EC0E414E2C22D3 /* Pods_ChronicySafariExtension.framework */ = {isa = PBXFileReference; explicitFileType = wrapper.framework; includeInIndex = 0; path = Pods_ChronicySafariExtension.framework; sourceTree = BUILT_PRODUCTS_DIR; };
		4C1F18DCD2C902D217BD9287 /* Pods-ChronicySafariExtension.debug.xcconfig */ = {isa = PBXFileReference; includeInIndex = 1; lastKnownFileType = text.xcconfig; name = "Pods-ChronicySafariExtension.debug.xcconfig"; path = "Target Support Files/Pods-ChronicySafariExtension/Pods-ChronicySafariExtension.debug.xcconfig"; sourceTree = "<group>"; };
		52689800C34A1675E0FB469A /* Pods-ChronicyShareExtension.release.xcconfig */ = {isa = PBXFileReference; includeInIndex = 1; lastKnownFileType = text.xcconfig; name = "Pods-ChronicyShareExtension.release.xcconfig"; path = "Target Support Files/Pods-ChronicyShareExtension/Pods-ChronicyShareExtension.release.xcconfig"; sourceTree = "<group>"; };
		7FE81E5E76E7789EA4D859DA /* Pods_ChronicyShareExtension.framework */ = {isa = PBXFileReference; explicitFileType = wrapper.framework; includeInIndex = 0; path = Pods_ChronicyShareExtension.framework; sourceTree = BUILT_PRODUCTS_DIR; };
		87954602E8661CB61C505539 /* Pods-ChronicyMacOS.release.xcconfig */ = {isa = PBXFileReference; includeInIndex = 1; lastKnownFileType = text.xcconfig; name = "Pods-ChronicyMacOS.release.xcconfig"; path = "Target Support Files/Pods-ChronicyMacOS/Pods-ChronicyMacOS.release.xcconfig"; sourceTree = "<group>"; };
		8DF35B138D4BECEE2C56FD8A /* Pods-ChronicyiOS.release.xcconfig */ = {isa = PBXFileReference; includeInIndex = 1; lastKnownFileType = text.xcconfig; name = "Pods-ChronicyiOS.release.xcconfig"; path = "Target Support Files/Pods-ChronicyiOS/Pods-ChronicyiOS.release.xcconfig"; sourceTree = "<group>"; };
		A343ABFB44DA3BE969839BCB /* Pods-ChronicyMacOS.debug.xcconfig */ = {isa = PBXFileReference; includeInIndex = 1; lastKnownFileType = text.xcconfig; name = "Pods-ChronicyMacOS.debug.xcconfig"; path = "Target Support Files/Pods-ChronicyMacOS/Pods-ChronicyMacOS.debug.xcconfig"; sourceTree = "<group>"; };
		A70D399A22553AD900580FF4 /* Color.swift */ = {isa = PBXFileReference; lastKnownFileType = sourcecode.swift; path = Color.swift; sourceTree = "<group>"; };
		A70D83252264BADF007A33D7 /* TextEditorViewController.swift */ = {isa = PBXFileReference; lastKnownFileType = sourcecode.swift; path = TextEditorViewController.swift; sourceTree = "<group>"; };
		A70D83262264BADF007A33D7 /* TextEditorViewController.xib */ = {isa = PBXFileReference; lastKnownFileType = file.xib; path = TextEditorViewController.xib; sourceTree = "<group>"; };
		A70D83292264D277007A33D7 /* NumericEditorViewController.swift */ = {isa = PBXFileReference; lastKnownFileType = sourcecode.swift; path = NumericEditorViewController.swift; sourceTree = "<group>"; };
		A70D832A2264D277007A33D7 /* NumericEditorViewController.xib */ = {isa = PBXFileReference; lastKnownFileType = file.xib; path = NumericEditorViewController.xib; sourceTree = "<group>"; };
		A70E8C862279DD86003FE68C /* EditorViewController.swift */ = {isa = PBXFileReference; lastKnownFileType = sourcecode.swift; path = EditorViewController.swift; sourceTree = "<group>"; };
		A70ED2522249B27200E53AAE /* ViewControllerPresenter.swift */ = {isa = PBXFileReference; lastKnownFileType = sourcecode.swift; path = ViewControllerPresenter.swift; sourceTree = "<group>"; };
		A7109E302235849400E3EB29 /* ViewLoader.swift */ = {isa = PBXFileReference; lastKnownFileType = sourcecode.swift; path = ViewLoader.swift; sourceTree = "<group>"; };
		A7109E3322358E3800E3EB29 /* ApplicationManager.swift */ = {isa = PBXFileReference; lastKnownFileType = sourcecode.swift; path = ApplicationManager.swift; sourceTree = "<group>"; };
		A71504C3224CFE5200DD1214 /* ToolbarItemIcon.pdf */ = {isa = PBXFileReference; lastKnownFileType = image.pdf; path = ToolbarItemIcon.pdf; sourceTree = "<group>"; };
		A718DF912279032C00990D2D /* StackFieldEditorViewController.swift */ = {isa = PBXFileReference; lastKnownFileType = sourcecode.swift; path = StackFieldEditorViewController.swift; sourceTree = "<group>"; };
		A718DF922279032C00990D2D /* StackFieldEditorViewController.xib */ = {isa = PBXFileReference; lastKnownFileType = file.xib; path = StackFieldEditorViewController.xib; sourceTree = "<group>"; };
		A71E06BE22591C5700305EC4 /* AlamofireRequestable.swift */ = {isa = PBXFileReference; lastKnownFileType = sourcecode.swift; path = AlamofireRequestable.swift; sourceTree = "<group>"; };
		A71EAE302270AC2D00ED840C /* ActivityViewController.swift */ = {isa = PBXFileReference; lastKnownFileType = sourcecode.swift; path = ActivityViewController.swift; sourceTree = "<group>"; };
		A71EAE312270AC2D00ED840C /* ActivityViewController.xib */ = {isa = PBXFileReference; lastKnownFileType = file.xib; path = ActivityViewController.xib; sourceTree = "<group>"; };
		A71EAE362270FFBE00ED840C /* ActivityCellView.swift */ = {isa = PBXFileReference; lastKnownFileType = sourcecode.swift; path = ActivityCellView.swift; sourceTree = "<group>"; };
		A71EAE382270FFDB00ED840C /* ActivityCellView.xib */ = {isa = PBXFileReference; lastKnownFileType = file.xib; path = ActivityCellView.xib; sourceTree = "<group>"; };
		A71EAE3C2271032F00ED840C /* NotebooksViewController.swift */ = {isa = PBXFileReference; lastKnownFileType = sourcecode.swift; path = NotebooksViewController.swift; sourceTree = "<group>"; };
		A71EAE3D2271032F00ED840C /* NotebooksViewController.xib */ = {isa = PBXFileReference; lastKnownFileType = file.xib; path = NotebooksViewController.xib; sourceTree = "<group>"; };
		A7291F9B22667A7A00692B75 /* MainViewController.swift */ = {isa = PBXFileReference; lastKnownFileType = sourcecode.swift; path = MainViewController.swift; sourceTree = "<group>"; };
		A72BB15B2237280C008575FC /* ChronicySafariExtension.appex */ = {isa = PBXFileReference; explicitFileType = "wrapper.app-extension"; includeInIndex = 0; path = ChronicySafariExtension.appex; sourceTree = BUILT_PRODUCTS_DIR; };
		A72BB15D2237280C008575FC /* Cocoa.framework */ = {isa = PBXFileReference; lastKnownFileType = wrapper.framework; name = Cocoa.framework; path = System/Library/Frameworks/Cocoa.framework; sourceTree = SDKROOT; };
		A72BB1802237287D008575FC /* SafariExtensionHandler.swift */ = {isa = PBXFileReference; fileEncoding = 4; lastKnownFileType = sourcecode.swift; path = SafariExtensionHandler.swift; sourceTree = "<group>"; };
		A72BB1832237287D008575FC /* Base */ = {isa = PBXFileReference; lastKnownFileType = file.xib; name = Base; path = Base.lproj/SafariExtensionViewController.xib; sourceTree = "<group>"; };
		A72BB1842237287D008575FC /* script.js */ = {isa = PBXFileReference; fileEncoding = 4; lastKnownFileType = sourcecode.javascript; path = script.js; sourceTree = "<group>"; };
		A72BB1862237287D008575FC /* SafariExtensionViewController.swift */ = {isa = PBXFileReference; fileEncoding = 4; lastKnownFileType = sourcecode.swift; path = SafariExtensionViewController.swift; sourceTree = "<group>"; };
		A72BB1872237287D008575FC /* Info.plist */ = {isa = PBXFileReference; fileEncoding = 4; lastKnownFileType = text.plist.xml; path = Info.plist; sourceTree = "<group>"; };
		A740E28F224D0071007DA788 /* Assets.xcassets */ = {isa = PBXFileReference; lastKnownFileType = folder.assetcatalog; path = Assets.xcassets; sourceTree = "<group>"; };
		A7500D71227371E0007B5423 /* StackRemoveViewController.swift */ = {isa = PBXFileReference; lastKnownFileType = sourcecode.swift; path = StackRemoveViewController.swift; sourceTree = "<group>"; };
		A7500D72227371E0007B5423 /* StackRemoveViewController.xib */ = {isa = PBXFileReference; lastKnownFileType = file.xib; path = StackRemoveViewController.xib; sourceTree = "<group>"; };
		A7515F222231ADAD00380978 /* WindowController.swift */ = {isa = PBXFileReference; fileEncoding = 4; lastKnownFileType = sourcecode.swift; path = WindowController.swift; sourceTree = "<group>"; };
		A75220C62252044500C7A54E /* ChronicyShareExtension.appex */ = {isa = PBXFileReference; explicitFileType = "wrapper.app-extension"; includeInIndex = 0; path = ChronicyShareExtension.appex; sourceTree = BUILT_PRODUCTS_DIR; };
		A75220C82252044500C7A54E /* ShareViewController.swift */ = {isa = PBXFileReference; lastKnownFileType = sourcecode.swift; path = ShareViewController.swift; sourceTree = "<group>"; };
		A75220CB2252044500C7A54E /* Base */ = {isa = PBXFileReference; lastKnownFileType = file.xib; name = Base; path = Base.lproj/ShareViewController.xib; sourceTree = "<group>"; };
		A75220CD2252044500C7A54E /* Info.plist */ = {isa = PBXFileReference; lastKnownFileType = text.plist.xml; path = Info.plist; sourceTree = "<group>"; };
		A75220CE2252044500C7A54E /* ChronicyShareExtension.entitlements */ = {isa = PBXFileReference; lastKnownFileType = text.plist.entitlements; path = ChronicyShareExtension.entitlements; sourceTree = "<group>"; };
		A760457F22308D01007F3268 /* ChronicyFramework.xcodeproj */ = {isa = PBXFileReference; lastKnownFileType = "wrapper.pb-project"; name = ChronicyFramework.xcodeproj; path = ChronicyFramework/ChronicyFramework.xcodeproj; sourceTree = "<group>"; };
		A760459522308DA5007F3268 /* ChronicyMacOS.app */ = {isa = PBXFileReference; explicitFileType = wrapper.application; includeInIndex = 0; path = ChronicyMacOS.app; sourceTree = BUILT_PRODUCTS_DIR; };
		A760459822308DA5007F3268 /* AppDelegate.swift */ = {isa = PBXFileReference; lastKnownFileType = sourcecode.swift; path = AppDelegate.swift; sourceTree = "<group>"; };
		A76045A122308DA6007F3268 /* Base */ = {isa = PBXFileReference; lastKnownFileType = file.storyboard; name = Base; path = Base.lproj/Main.storyboard; sourceTree = "<group>"; };
		A76045A322308DA6007F3268 /* Info.plist */ = {isa = PBXFileReference; lastKnownFileType = text.plist.xml; path = Info.plist; sourceTree = "<group>"; };
		A76045A422308DA6007F3268 /* ChronicyMacOS.entitlements */ = {isa = PBXFileReference; lastKnownFileType = text.plist.entitlements; path = ChronicyMacOS.entitlements; sourceTree = "<group>"; };
		A77617F92231C1450038E815 /* Assets.xcassets */ = {isa = PBXFileReference; lastKnownFileType = folder.assetcatalog; path = Assets.xcassets; sourceTree = "<group>"; };
		A77618002231C8BD0038E815 /* Log.swift */ = {isa = PBXFileReference; lastKnownFileType = sourcecode.swift; path = Log.swift; sourceTree = "<group>"; };
		A77D5083224CEC2400F7A527 /* Resources */ = {isa = PBXFileReference; lastKnownFileType = folder; path = Resources; sourceTree = "<group>"; };
		A78631F422776D3900F53D4D /* KeyStorage.swift */ = {isa = PBXFileReference; fileEncoding = 4; lastKnownFileType = sourcecode.swift; path = KeyStorage.swift; sourceTree = "<group>"; };
		A78631F522776D3900F53D4D /* DistributedObjectManager.swift */ = {isa = PBXFileReference; fileEncoding = 4; lastKnownFileType = sourcecode.swift; path = DistributedObjectManager.swift; sourceTree = "<group>"; };
		A78631F822776D6A00F53D4D /* Log.swift */ = {isa = PBXFileReference; fileEncoding = 4; lastKnownFileType = sourcecode.swift; path = Log.swift; sourceTree = "<group>"; };
		A78631FA22776D9D00F53D4D /* SharedConstants.swift */ = {isa = PBXFileReference; fileEncoding = 4; lastKnownFileType = sourcecode.swift; path = SharedConstants.swift; sourceTree = "<group>"; };
		A78756D322398E5300EA966E /* Chronicy Safari Extension.entitlements */ = {isa = PBXFileReference; lastKnownFileType = text.plist.entitlements; path = "Chronicy Safari Extension.entitlements"; sourceTree = "<group>"; };
		A78CCC3022776F19007BAE9C /* ExtensionStack.swift */ = {isa = PBXFileReference; fileEncoding = 4; lastKnownFileType = sourcecode.swift; path = ExtensionStack.swift; sourceTree = "<group>"; };
		A78CCC3322776F19007BAE9C /* ExtensionNotebook.swift */ = {isa = PBXFileReference; fileEncoding = 4; lastKnownFileType = sourcecode.swift; path = ExtensionNotebook.swift; sourceTree = "<group>"; };
		A78CCC38227770B1007BAE9C /* ExtensionField.swift */ = {isa = PBXFileReference; fileEncoding = 4; lastKnownFileType = sourcecode.swift; path = ExtensionField.swift; sourceTree = "<group>"; };
		A78CCC3C2277B469007BAE9C /* FieldDefinition.swift */ = {isa = PBXFileReference; fileEncoding = 4; lastKnownFileType = sourcecode.swift; path = FieldDefinition.swift; sourceTree = "<group>"; };
		A78CCC3E2277B499007BAE9C /* FieldContainer.swift */ = {isa = PBXFileReference; fileEncoding = 4; lastKnownFileType = sourcecode.swift; path = FieldContainer.swift; sourceTree = "<group>"; };
		A78D4D1C2253DD6F005CE553 /* ChronicyiOS.app */ = {isa = PBXFileReference; explicitFileType = wrapper.application; includeInIndex = 0; path = ChronicyiOS.app; sourceTree = BUILT_PRODUCTS_DIR; };
		A78D4D1E2253DD6F005CE553 /* AppDelegate.swift */ = {isa = PBXFileReference; lastKnownFileType = sourcecode.swift; path = AppDelegate.swift; sourceTree = "<group>"; };
		A78D4D232253DD6F005CE553 /* Base */ = {isa = PBXFileReference; lastKnownFileType = file.storyboard; name = Base; path = Base.lproj/Main.storyboard; sourceTree = "<group>"; };
		A78D4D252253DD70005CE553 /* Assets.xcassets */ = {isa = PBXFileReference; lastKnownFileType = folder.assetcatalog; path = Assets.xcassets; sourceTree = "<group>"; };
		A78D4D282253DD70005CE553 /* Base */ = {isa = PBXFileReference; lastKnownFileType = file.storyboard; name = Base; path = Base.lproj/LaunchScreen.storyboard; sourceTree = "<group>"; };
		A78D4D2A2253DD70005CE553 /* Info.plist */ = {isa = PBXFileReference; lastKnownFileType = text.plist.xml; path = Info.plist; sourceTree = "<group>"; };
		A7926D0922676ED3002F9478 /* ArticleViewController.swift */ = {isa = PBXFileReference; lastKnownFileType = sourcecode.swift; path = ArticleViewController.swift; sourceTree = "<group>"; };
		A794AB49225F08E0004BA2E0 /* PageManager.swift */ = {isa = PBXFileReference; lastKnownFileType = sourcecode.swift; path = PageManager.swift; sourceTree = "<group>"; };
		A794AB4C225F0F04004BA2E0 /* CardTag.swift */ = {isa = PBXFileReference; lastKnownFileType = sourcecode.swift; path = CardTag.swift; sourceTree = "<group>"; };
		A798867222399C690029A791 /* ContentTracker.swift */ = {isa = PBXFileReference; lastKnownFileType = sourcecode.swift; path = ContentTracker.swift; sourceTree = "<group>"; };
		A798867422399D520029A791 /* ContentTrackerManager.swift */ = {isa = PBXFileReference; lastKnownFileType = sourcecode.swift; path = ContentTrackerManager.swift; sourceTree = "<group>"; };
		A79886772239AB760029A791 /* ExtensionStateManager.swift */ = {isa = PBXFileReference; lastKnownFileType = sourcecode.swift; path = ExtensionStateManager.swift; sourceTree = "<group>"; };
		A79EEAB22273B1E200EE354C /* BrowserTracker.swift */ = {isa = PBXFileReference; fileEncoding = 4; lastKnownFileType = sourcecode.swift; path = BrowserTracker.swift; sourceTree = "<group>"; };
		A79EEAB52273B1E200EE354C /* SafariBrowserTracker.swift */ = {isa = PBXFileReference; fileEncoding = 4; lastKnownFileType = sourcecode.swift; path = SafariBrowserTracker.swift; sourceTree = "<group>"; };
		A7A7C2EC224A7ABC000D114E /* OutlineCentralViewController.swift */ = {isa = PBXFileReference; lastKnownFileType = sourcecode.swift; path = OutlineCentralViewController.swift; sourceTree = "<group>"; };
		A7A7C2ED224A7ABC000D114E /* OutlineCentralViewController.xib */ = {isa = PBXFileReference; lastKnownFileType = file.xib; path = OutlineCentralViewController.xib; sourceTree = "<group>"; };
		A7A88AC222429EF500C5A94E /* OutlineViewController.swift */ = {isa = PBXFileReference; lastKnownFileType = sourcecode.swift; path = OutlineViewController.swift; sourceTree = "<group>"; };
		A7A88AC322429EF500C5A94E /* OutlineViewController.xib */ = {isa = PBXFileReference; lastKnownFileType = file.xib; path = OutlineViewController.xib; sourceTree = "<group>"; };
		A7A88ACE2242B0A600C5A94E /* View.swift */ = {isa = PBXFileReference; lastKnownFileType = sourcecode.swift; path = View.swift; sourceTree = "<group>"; };
		A7A88AD42242B7BF00C5A94E /* OutlineStackView.swift */ = {isa = PBXFileReference; fileEncoding = 4; lastKnownFileType = sourcecode.swift; path = OutlineStackView.swift; sourceTree = "<group>"; };
		A7A88AD52242B7BF00C5A94E /* OutlineCellView.swift */ = {isa = PBXFileReference; fileEncoding = 4; lastKnownFileType = sourcecode.swift; path = OutlineCellView.swift; sourceTree = "<group>"; };
		A7A88AD62242B7BF00C5A94E /* OutlineCellView.xib */ = {isa = PBXFileReference; fileEncoding = 4; lastKnownFileType = file.xib; path = OutlineCellView.xib; sourceTree = "<group>"; };
		A7A88AD72242B7BF00C5A94E /* OutlineStackView.xib */ = {isa = PBXFileReference; fileEncoding = 4; lastKnownFileType = file.xib; path = OutlineStackView.xib; sourceTree = "<group>"; };
		A7A88ADC2242C44300C5A94E /* MainViewController.swift */ = {isa = PBXFileReference; lastKnownFileType = sourcecode.swift; path = MainViewController.swift; sourceTree = "<group>"; };
		A7A88ADD2242C44300C5A94E /* MainViewController.xib */ = {isa = PBXFileReference; lastKnownFileType = file.xib; path = MainViewController.xib; sourceTree = "<group>"; };
		A7A88AE72242C87100C5A94E /* TImelineViewController.swift */ = {isa = PBXFileReference; lastKnownFileType = sourcecode.swift; path = TImelineViewController.swift; sourceTree = "<group>"; };
		A7A88AE82242C87100C5A94E /* TImelineViewController.xib */ = {isa = PBXFileReference; lastKnownFileType = file.xib; path = TImelineViewController.xib; sourceTree = "<group>"; };
		A7AB5AF022747040004EEDDD /* NotebookCollection.swift */ = {isa = PBXFileReference; lastKnownFileType = sourcecode.swift; path = NotebookCollection.swift; sourceTree = "<group>"; };
		A7BC2840224BDD8A00A1A6DE /* NotificationSender.swift */ = {isa = PBXFileReference; lastKnownFileType = sourcecode.swift; path = NotificationSender.swift; sourceTree = "<group>"; };
		A7BC2844224BF3D300A1A6DE /* ContentView.swift */ = {isa = PBXFileReference; lastKnownFileType = sourcecode.swift; path = ContentView.swift; sourceTree = "<group>"; };
		A7CD7392225D119E00C94B23 /* FatSidebar.xcodeproj */ = {isa = PBXFileReference; lastKnownFileType = "wrapper.pb-project"; name = FatSidebar.xcodeproj; path = FatSidebar/FatSidebar.xcodeproj; sourceTree = "<group>"; };
		A7CD73A1225D1C2000C94B23 /* Sidebar.swift */ = {isa = PBXFileReference; lastKnownFileType = sourcecode.swift; path = Sidebar.swift; sourceTree = "<group>"; };
		A7CD73A3225D2BFC00C94B23 /* CustomField.swift */ = {isa = PBXFileReference; lastKnownFileType = sourcecode.swift; path = CustomField.swift; sourceTree = "<group>"; };
		A7E45129224811C200848AF5 /* StackEditorViewController.swift */ = {isa = PBXFileReference; lastKnownFileType = sourcecode.swift; path = StackEditorViewController.swift; sourceTree = "<group>"; };
		A7E4512A224811C200848AF5 /* StackEditorViewController.xib */ = {isa = PBXFileReference; lastKnownFileType = file.xib; path = StackEditorViewController.xib; sourceTree = "<group>"; };
		A7E4512D22481BB200848AF5 /* CardEditorViewController.swift */ = {isa = PBXFileReference; lastKnownFileType = sourcecode.swift; path = CardEditorViewController.swift; sourceTree = "<group>"; };
		A7E4512E22481BB200848AF5 /* CardEditorViewController.xib */ = {isa = PBXFileReference; lastKnownFileType = file.xib; path = CardEditorViewController.xib; sourceTree = "<group>"; };
/* End PBXFileReference section */

/* Begin PBXFrameworksBuildPhase section */
		A72BB1582237280C008575FC /* Frameworks */ = {
			isa = PBXFrameworksBuildPhase;
			buildActionMask = 2147483647;
			files = (
				A72BB15E2237280C008575FC /* Cocoa.framework in Frameworks */,
				54380F0070124DBA5B476C74 /* Pods_ChronicySafariExtension.framework in Frameworks */,
			);
			runOnlyForDeploymentPostprocessing = 0;
		};
		A75220C32252044500C7A54E /* Frameworks */ = {
			isa = PBXFrameworksBuildPhase;
			buildActionMask = 2147483647;
			files = (
				A7291F9A226652F000692B75 /* ChronicyFrameworkMacOS.framework in Frameworks */,
				49364E0DDCBE88C14FD34F08 /* Pods_ChronicyShareExtension.framework in Frameworks */,
			);
			runOnlyForDeploymentPostprocessing = 0;
		};
		A760459222308DA5007F3268 /* Frameworks */ = {
			isa = PBXFrameworksBuildPhase;
			buildActionMask = 2147483647;
			files = (
				A78E6A692266458B006A00C7 /* ChronicyFrameworkMacOS.framework in Frameworks */,
				282FC8AC17313513307E566E /* Pods_ChronicyMacOS.framework in Frameworks */,
				A7CD73A0225D1AD600C94B23 /* FatSidebar.framework in Frameworks */,
			);
			runOnlyForDeploymentPostprocessing = 0;
		};
		A78D4D192253DD6F005CE553 /* Frameworks */ = {
			isa = PBXFrameworksBuildPhase;
			buildActionMask = 2147483647;
			files = (
				A78E6A8C226647A0006A00C7 /* ChronicyFrameworkiOS.framework in Frameworks */,
				A10839D7FE2D7C9DBE4AD043 /* Pods_ChronicyiOS.framework in Frameworks */,
			);
			runOnlyForDeploymentPostprocessing = 0;
		};
/* End PBXFrameworksBuildPhase section */

/* Begin PBXGroup section */
		A70D83222264BA11007A33D7 /* Field Editor Views */ = {
			isa = PBXGroup;
			children = (
				A70E8C862279DD86003FE68C /* EditorViewController.swift */,
				A70D83252264BADF007A33D7 /* TextEditorViewController.swift */,
				A70D83262264BADF007A33D7 /* TextEditorViewController.xib */,
				A70D83292264D277007A33D7 /* NumericEditorViewController.swift */,
				A70D832A2264D277007A33D7 /* NumericEditorViewController.xib */,
			);
			path = "Field Editor Views";
			sourceTree = "<group>";
		};
		A70FBA8822580555007CE092 /* Web */ = {
			isa = PBXGroup;
			children = (
				A71E06BE22591C5700305EC4 /* AlamofireRequestable.swift */,
			);
			path = Web;
			sourceTree = "<group>";
		};
		A7109E21223567FF00E3EB29 /* Tracking */ = {
			isa = PBXGroup;
			children = (
				A79EEAB22273B1E200EE354C /* BrowserTracker.swift */,
				A79EEAB52273B1E200EE354C /* SafariBrowserTracker.swift */,
			);
			path = Tracking;
			sourceTree = "<group>";
		};
		A7109E2F2235845D00E3EB29 /* Utils */ = {
			isa = PBXGroup;
			children = (
				A7A88ACE2242B0A600C5A94E /* View.swift */,
				A70D399A22553AD900580FF4 /* Color.swift */,
				A7109E302235849400E3EB29 /* ViewLoader.swift */,
			);
			path = Utils;
			sourceTree = "<group>";
		};
		A7109E3222358E0700E3EB29 /* Application */ = {
			isa = PBXGroup;
			children = (
				A7109E3322358E3800E3EB29 /* ApplicationManager.swift */,
			);
			path = Application;
			sourceTree = "<group>";
		};
		A71EAE2D2270AB6C00ED840C /* Activity */ = {
			isa = PBXGroup;
			children = (
				A71EAE302270AC2D00ED840C /* ActivityViewController.swift */,
				A71EAE312270AC2D00ED840C /* ActivityViewController.xib */,
				A71EAE362270FFBE00ED840C /* ActivityCellView.swift */,
				A71EAE382270FFDB00ED840C /* ActivityCellView.xib */,
			);
			path = Activity;
			sourceTree = "<group>";
		};
		A7252A422234315900EE554A /* Window */ = {
			isa = PBXGroup;
			children = (
				A7515F222231ADAD00380978 /* WindowController.swift */,
				A70ED2522249B27200E53AAE /* ViewControllerPresenter.swift */,
			);
			path = Window;
			sourceTree = "<group>";
		};
		A72BB15C2237280C008575FC /* Frameworks */ = {
			isa = PBXGroup;
			children = (
				A72BB15D2237280C008575FC /* Cocoa.framework */,
				4451D2CE4F583D8E53A872ED /* Pods_ChronicyMacOS.framework */,
				4AC6E38C48EC0E414E2C22D3 /* Pods_ChronicySafariExtension.framework */,
				7FE81E5E76E7789EA4D859DA /* Pods_ChronicyShareExtension.framework */,
				1BF3AB9967C69DB5EDF29F9C /* Pods_ChronicyiOS.framework */,
			);
			name = Frameworks;
			sourceTree = "<group>";
		};
		A72BB17F2237287D008575FC /* ChronicySafariExtension */ = {
			isa = PBXGroup;
			children = (
				A78631F122776C8900F53D4D /* Dependencies */,
				A79886762239AB610029A791 /* State */,
				A798867122399C490029A791 /* Data */,
				A72BB1802237287D008575FC /* SafariExtensionHandler.swift */,
				A72BB1862237287D008575FC /* SafariExtensionViewController.swift */,
				A72BB1822237287D008575FC /* SafariExtensionViewController.xib */,
				A72BB1842237287D008575FC /* script.js */,
				A71504C3224CFE5200DD1214 /* ToolbarItemIcon.pdf */,
				A740E28F224D0071007DA788 /* Assets.xcassets */,
				A72BB18E223728AF008575FC /* Supporting Files */,
			);
			path = ChronicySafariExtension;
			sourceTree = "<group>";
		};
		A72BB18E223728AF008575FC /* Supporting Files */ = {
			isa = PBXGroup;
			children = (
				A72BB1872237287D008575FC /* Info.plist */,
				A78756D322398E5300EA966E /* Chronicy Safari Extension.entitlements */,
			);
			name = "Supporting Files";
			sourceTree = "<group>";
		};
		A7500D6E227371AB007B5423 /* Tool Windows */ = {
			isa = PBXGroup;
			children = (
				A7500D71227371E0007B5423 /* StackRemoveViewController.swift */,
				A7500D72227371E0007B5423 /* StackRemoveViewController.xib */,
			);
			path = "Tool Windows";
			sourceTree = "<group>";
		};
		A75220C72252044500C7A54E /* ChronicyShareExtension */ = {
			isa = PBXGroup;
			children = (
				A75220C82252044500C7A54E /* ShareViewController.swift */,
				A75220CA2252044500C7A54E /* ShareViewController.xib */,
				A75220CD2252044500C7A54E /* Info.plist */,
				A75220CE2252044500C7A54E /* ChronicyShareExtension.entitlements */,
			);
			path = ChronicyShareExtension;
			sourceTree = "<group>";
		};
		A760458022308D01007F3268 /* Products */ = {
			isa = PBXGroup;
			children = (
				A76045A722308DA6007F3268 /* ChronicyFrameworkMacOS.framework */,
				A78E6A8B226647A0006A00C7 /* ChronicyFrameworkiOS.framework */,
			);
			name = Products;
			sourceTree = "<group>";
		};
		A760459622308DA5007F3268 /* Products */ = {
			isa = PBXGroup;
			children = (
				A760459522308DA5007F3268 /* ChronicyMacOS.app */,
				A72BB15B2237280C008575FC /* ChronicySafariExtension.appex */,
				A75220C62252044500C7A54E /* ChronicyShareExtension.appex */,
				A78D4D1C2253DD6F005CE553 /* ChronicyiOS.app */,
			);
			name = Products;
			sourceTree = "<group>";
		};
		A760459722308DA5007F3268 /* ChronicyMacOS */ = {
			isa = PBXGroup;
			children = (
				A794AB4B225F0EF2004BA2E0 /* Model */,
				A7109E3222358E0700E3EB29 /* Application */,
				A7109E21223567FF00E3EB29 /* Tracking */,
				A7BC283F224BDD6200A1A6DE /* Notifications */,
				A77618022231CA080038E815 /* Views */,
				A70FBA8822580555007CE092 /* Web */,
				A7252A422234315900EE554A /* Window */,
				A77617FF2231C8A40038E815 /* Utils */,
				A760459822308DA5007F3268 /* AppDelegate.swift */,
				A76045A022308DA6007F3268 /* Main.storyboard */,
				A77617F92231C1450038E815 /* Assets.xcassets */,
				A77D5083224CEC2400F7A527 /* Resources */,
				A76045AB22308DAD007F3268 /* Supporting Files */,
			);
			path = ChronicyMacOS;
			sourceTree = "<group>";
		};
		A76045AB22308DAD007F3268 /* Supporting Files */ = {
			isa = PBXGroup;
			children = (
				A76045A322308DA6007F3268 /* Info.plist */,
				A76045A422308DA6007F3268 /* ChronicyMacOS.entitlements */,
			);
			name = "Supporting Files";
			sourceTree = "<group>";
		};
		A77617FF2231C8A40038E815 /* Utils */ = {
			isa = PBXGroup;
			children = (
				A77618002231C8BD0038E815 /* Log.swift */,
			);
			path = Utils;
			sourceTree = "<group>";
		};
		A77618022231CA080038E815 /* Views */ = {
			isa = PBXGroup;
			children = (
				A7A88ADC2242C44300C5A94E /* MainViewController.swift */,
				A7A88ADD2242C44300C5A94E /* MainViewController.xib */,
				A7CD73A1225D1C2000C94B23 /* Sidebar.swift */,
				A7CD73A3225D2BFC00C94B23 /* CustomField.swift */,
				A794AB49225F08E0004BA2E0 /* PageManager.swift */,
				A71EAE3C2271032F00ED840C /* NotebooksViewController.swift */,
				A71EAE3D2271032F00ED840C /* NotebooksViewController.xib */,
				A70D83222264BA11007A33D7 /* Field Editor Views */,
				A7A7C2EB224A7A1E000D114E /* Central Controllers */,
				A7A88AE42242C80900C5A94E /* Outline */,
				A71EAE2D2270AB6C00ED840C /* Activity */,
				A7A88AE52242C83500C5A94E /* Timeline */,
				A7A88AEB2242C87E00C5A94E /* Editors */,
				A7500D6E227371AB007B5423 /* Tool Windows */,
				A7109E2F2235845D00E3EB29 /* Utils */,
			);
			path = Views;
			sourceTree = "<group>";
		};
		A78631F122776C8900F53D4D /* Dependencies */ = {
			isa = PBXGroup;
			children = (
				A78CCC3E2277B499007BAE9C /* FieldContainer.swift */,
				A78CCC38227770B1007BAE9C /* ExtensionField.swift */,
				A78CCC3322776F19007BAE9C /* ExtensionNotebook.swift */,
				A78CCC3022776F19007BAE9C /* ExtensionStack.swift */,
				A78631F522776D3900F53D4D /* DistributedObjectManager.swift */,
				A78631F422776D3900F53D4D /* KeyStorage.swift */,
				A78631F822776D6A00F53D4D /* Log.swift */,
				A78631FA22776D9D00F53D4D /* SharedConstants.swift */,
				A78CCC3C2277B469007BAE9C /* FieldDefinition.swift */,
			);
			path = Dependencies;
			sourceTree = "<group>";
		};
		A78A33AF2253DEB80083EC9C /* Supporting Files */ = {
			isa = PBXGroup;
			children = (
				A78D4D2A2253DD70005CE553 /* Info.plist */,
			);
			name = "Supporting Files";
			sourceTree = "<group>";
		};
		A78D4D1D2253DD6F005CE553 /* ChronicyiOS */ = {
			isa = PBXGroup;
			children = (
				A7926D0922676ED3002F9478 /* ArticleViewController.swift */,
				A7291F9B22667A7A00692B75 /* MainViewController.swift */,
				A78D4D1E2253DD6F005CE553 /* AppDelegate.swift */,
				A78D4D222253DD6F005CE553 /* Main.storyboard */,
				A78D4D272253DD70005CE553 /* LaunchScreen.storyboard */,
				A78D4D252253DD70005CE553 /* Assets.xcassets */,
				A78A33AF2253DEB80083EC9C /* Supporting Files */,
			);
			path = ChronicyiOS;
			sourceTree = "<group>";
		};
		A794AB4B225F0EF2004BA2E0 /* Model */ = {
			isa = PBXGroup;
			children = (
				A794AB4C225F0F04004BA2E0 /* CardTag.swift */,
			);
			path = Model;
			sourceTree = "<group>";
		};
		A798867122399C490029A791 /* Data */ = {
			isa = PBXGroup;
			children = (
				A798867222399C690029A791 /* ContentTracker.swift */,
				A798867422399D520029A791 /* ContentTrackerManager.swift */,
				A7AB5AF022747040004EEDDD /* NotebookCollection.swift */,
			);
			path = Data;
			sourceTree = "<group>";
		};
		A79886762239AB610029A791 /* State */ = {
			isa = PBXGroup;
			children = (
				A79886772239AB760029A791 /* ExtensionStateManager.swift */,
			);
			path = State;
			sourceTree = "<group>";
		};
		A7A7C2EB224A7A1E000D114E /* Central Controllers */ = {
			isa = PBXGroup;
			children = (
				A7A7C2EC224A7ABC000D114E /* OutlineCentralViewController.swift */,
				A7A7C2ED224A7ABC000D114E /* OutlineCentralViewController.xib */,
				A7BC2844224BF3D300A1A6DE /* ContentView.swift */,
			);
			path = "Central Controllers";
			sourceTree = "<group>";
		};
		A7A88AE42242C80900C5A94E /* Outline */ = {
			isa = PBXGroup;
			children = (
				A7A88AC222429EF500C5A94E /* OutlineViewController.swift */,
				A7A88AC322429EF500C5A94E /* OutlineViewController.xib */,
				A7A88AD42242B7BF00C5A94E /* OutlineStackView.swift */,
				A7A88AD72242B7BF00C5A94E /* OutlineStackView.xib */,
				A7A88AD52242B7BF00C5A94E /* OutlineCellView.swift */,
				A7A88AD62242B7BF00C5A94E /* OutlineCellView.xib */,
			);
			path = Outline;
			sourceTree = "<group>";
		};
		A7A88AE52242C83500C5A94E /* Timeline */ = {
			isa = PBXGroup;
			children = (
				A7A88AE72242C87100C5A94E /* TImelineViewController.swift */,
				A7A88AE82242C87100C5A94E /* TImelineViewController.xib */,
			);
			path = Timeline;
			sourceTree = "<group>";
		};
		A7A88AEB2242C87E00C5A94E /* Editors */ = {
			isa = PBXGroup;
			children = (
				A7E45129224811C200848AF5 /* StackEditorViewController.swift */,
				A7E4512A224811C200848AF5 /* StackEditorViewController.xib */,
				A7E4512D22481BB200848AF5 /* CardEditorViewController.swift */,
				A7E4512E22481BB200848AF5 /* CardEditorViewController.xib */,
				A718DF912279032C00990D2D /* StackFieldEditorViewController.swift */,
				A718DF922279032C00990D2D /* StackFieldEditorViewController.xib */,
			);
			path = Editors;
			sourceTree = "<group>";
		};
		A7BC283F224BDD6200A1A6DE /* Notifications */ = {
			isa = PBXGroup;
			children = (
				A7BC2840224BDD8A00A1A6DE /* NotificationSender.swift */,
			);
			path = Notifications;
			sourceTree = "<group>";
		};
		A7C5C160223088B000C0B27B = {
			isa = PBXGroup;
			children = (
				A7CD7392225D119E00C94B23 /* FatSidebar.xcodeproj */,
				A760457F22308D01007F3268 /* ChronicyFramework.xcodeproj */,
				A760459722308DA5007F3268 /* ChronicyMacOS */,
				A72BB17F2237287D008575FC /* ChronicySafariExtension */,
				A75220C72252044500C7A54E /* ChronicyShareExtension */,
				A78D4D1D2253DD6F005CE553 /* ChronicyiOS */,
				A72BB15C2237280C008575FC /* Frameworks */,
				A760459622308DA5007F3268 /* Products */,
				FC6FC963088942473FEF7BD3 /* Pods */,
			);
			sourceTree = "<group>";
		};
		A7CD7393225D119E00C94B23 /* Products */ = {
			isa = PBXGroup;
			children = (
				A7CD7399225D119E00C94B23 /* FatSidebar.framework */,
			);
			name = Products;
			sourceTree = "<group>";
		};
		FC6FC963088942473FEF7BD3 /* Pods */ = {
			isa = PBXGroup;
			children = (
				A343ABFB44DA3BE969839BCB /* Pods-ChronicyMacOS.debug.xcconfig */,
				87954602E8661CB61C505539 /* Pods-ChronicyMacOS.release.xcconfig */,
				4C1F18DCD2C902D217BD9287 /* Pods-ChronicySafariExtension.debug.xcconfig */,
				250C3BDCA196C59D57DB047F /* Pods-ChronicySafariExtension.release.xcconfig */,
				39724E4C21F2577A81734C36 /* Pods-ChronicyShareExtension.debug.xcconfig */,
				52689800C34A1675E0FB469A /* Pods-ChronicyShareExtension.release.xcconfig */,
				0D7AC4F1658E40332169FC0F /* Pods-ChronicyiOS.debug.xcconfig */,
				8DF35B138D4BECEE2C56FD8A /* Pods-ChronicyiOS.release.xcconfig */,
			);
			path = Pods;
			sourceTree = "<group>";
		};
/* End PBXGroup section */

/* Begin PBXNativeTarget section */
		A72BB15A2237280C008575FC /* ChronicySafariExtension */ = {
			isa = PBXNativeTarget;
			buildConfigurationList = A72BB1702237280C008575FC /* Build configuration list for PBXNativeTarget "ChronicySafariExtension" */;
			buildPhases = (
				BA91167D5881F10570D6050D /* [CP] Check Pods Manifest.lock */,
				A72BB1572237280C008575FC /* Sources */,
				A72BB1582237280C008575FC /* Frameworks */,
				A72BB1592237280C008575FC /* Resources */,
			);
			buildRules = (
			);
			dependencies = (
			);
			name = ChronicySafariExtension;
			productName = ChronicySafariExtension;
			productReference = A72BB15B2237280C008575FC /* ChronicySafariExtension.appex */;
			productType = "com.apple.product-type.app-extension";
		};
		A75220C52252044500C7A54E /* ChronicyShareExtension */ = {
			isa = PBXNativeTarget;
			buildConfigurationList = A75220D42252044500C7A54E /* Build configuration list for PBXNativeTarget "ChronicyShareExtension" */;
			buildPhases = (
				91D712661576E15E1D530773 /* [CP] Check Pods Manifest.lock */,
				A75220C22252044500C7A54E /* Sources */,
				A75220C32252044500C7A54E /* Frameworks */,
				A75220C42252044500C7A54E /* Resources */,
			);
			buildRules = (
			);
			dependencies = (
			);
			name = ChronicyShareExtension;
			productName = ChronicyShareExtension;
			productReference = A75220C62252044500C7A54E /* ChronicyShareExtension.appex */;
			productType = "com.apple.product-type.app-extension";
		};
		A760459422308DA5007F3268 /* ChronicyMacOS */ = {
			isa = PBXNativeTarget;
			buildConfigurationList = A76045A822308DA6007F3268 /* Build configuration list for PBXNativeTarget "ChronicyMacOS" */;
			buildPhases = (
				20F8683AA56D47E70966C780 /* [CP] Check Pods Manifest.lock */,
				A760459122308DA5007F3268 /* Sources */,
				A760459222308DA5007F3268 /* Frameworks */,
				A760459322308DA5007F3268 /* Resources */,
				A72BB1732237280C008575FC /* Embed App Extensions */,
				6474AFAE115EFBFA7EA0271C /* [CP] Embed Pods Frameworks */,
			);
			buildRules = (
			);
			dependencies = (
				A7CD739F225D14CF00C94B23 /* PBXTargetDependency */,
				A72BB16E2237280C008575FC /* PBXTargetDependency */,
				A75220D02252044500C7A54E /* PBXTargetDependency */,
			);
			name = ChronicyMacOS;
			productName = ChronicyMacOS;
			productReference = A760459522308DA5007F3268 /* ChronicyMacOS.app */;
			productType = "com.apple.product-type.application";
		};
		A78D4D1B2253DD6F005CE553 /* ChronicyiOS */ = {
			isa = PBXNativeTarget;
			buildConfigurationList = A78D4D2B2253DD70005CE553 /* Build configuration list for PBXNativeTarget "ChronicyiOS" */;
			buildPhases = (
				D87F515EEA8AC9A512A7FAD7 /* [CP] Check Pods Manifest.lock */,
				A78D4D182253DD6F005CE553 /* Sources */,
				A78D4D192253DD6F005CE553 /* Frameworks */,
				A78D4D1A2253DD6F005CE553 /* Resources */,
				99935A01655A84B3B8D1E23E /* [CP] Embed Pods Frameworks */,
			);
			buildRules = (
			);
			dependencies = (
			);
			name = ChronicyiOS;
			productName = ChronicyiOS;
			productReference = A78D4D1C2253DD6F005CE553 /* ChronicyiOS.app */;
			productType = "com.apple.product-type.application";
		};
/* End PBXNativeTarget section */

/* Begin PBXProject section */
		A7C5C161223088B000C0B27B /* Project object */ = {
			isa = PBXProject;
			attributes = {
				LastSwiftUpdateCheck = 1020;
				LastUpgradeCheck = 1020;
				TargetAttributes = {
					A72BB15A2237280C008575FC = {
						CreatedOnToolsVersion = 10.1;
						LastSwiftMigration = 1020;
						SystemCapabilities = {
							com.apple.ApplicationGroups.Mac = {
								enabled = 1;
							};
							com.apple.Sandbox = {
								enabled = 1;
							};
						};
					};
					A75220C52252044500C7A54E = {
						CreatedOnToolsVersion = 10.2;
					};
					A760459422308DA5007F3268 = {
						CreatedOnToolsVersion = 10.1;
						LastSwiftMigration = 1020;
						SystemCapabilities = {
							com.apple.ApplicationGroups.Mac = {
								enabled = 1;
							};
							com.apple.Sandbox = {
								enabled = 1;
							};
						};
					};
					A78D4D1B2253DD6F005CE553 = {
						CreatedOnToolsVersion = 10.2;
					};
				};
			};
			buildConfigurationList = A7C5C164223088B000C0B27B /* Build configuration list for PBXProject "Chronicy" */;
			compatibilityVersion = "Xcode 9.3";
			developmentRegion = en;
			hasScannedForEncodings = 0;
			knownRegions = (
				en,
				Base,
			);
			mainGroup = A7C5C160223088B000C0B27B;
			productRefGroup = A760459622308DA5007F3268 /* Products */;
			projectDirPath = "";
			projectReferences = (
				{
					ProductGroup = A760458022308D01007F3268 /* Products */;
					ProjectRef = A760457F22308D01007F3268 /* ChronicyFramework.xcodeproj */;
				},
				{
					ProductGroup = A7CD7393225D119E00C94B23 /* Products */;
					ProjectRef = A7CD7392225D119E00C94B23 /* FatSidebar.xcodeproj */;
				},
			);
			projectRoot = "";
			targets = (
				A760459422308DA5007F3268 /* ChronicyMacOS */,
				A72BB15A2237280C008575FC /* ChronicySafariExtension */,
				A75220C52252044500C7A54E /* ChronicyShareExtension */,
				A78D4D1B2253DD6F005CE553 /* ChronicyiOS */,
			);
		};
/* End PBXProject section */

/* Begin PBXReferenceProxy section */
		A76045A722308DA6007F3268 /* ChronicyFrameworkMacOS.framework */ = {
			isa = PBXReferenceProxy;
			fileType = wrapper.framework;
			path = ChronicyFrameworkMacOS.framework;
			remoteRef = A76045A622308DA6007F3268 /* PBXContainerItemProxy */;
			sourceTree = BUILT_PRODUCTS_DIR;
		};
		A78E6A8B226647A0006A00C7 /* ChronicyFrameworkiOS.framework */ = {
			isa = PBXReferenceProxy;
			fileType = wrapper.framework;
			path = ChronicyFrameworkiOS.framework;
			remoteRef = A78E6A8A226647A0006A00C7 /* PBXContainerItemProxy */;
			sourceTree = BUILT_PRODUCTS_DIR;
		};
		A7CD7399225D119E00C94B23 /* FatSidebar.framework */ = {
			isa = PBXReferenceProxy;
			fileType = wrapper.framework;
			path = FatSidebar.framework;
			remoteRef = A7CD7398225D119E00C94B23 /* PBXContainerItemProxy */;
			sourceTree = BUILT_PRODUCTS_DIR;
		};
/* End PBXReferenceProxy section */

/* Begin PBXResourcesBuildPhase section */
		A72BB1592237280C008575FC /* Resources */ = {
			isa = PBXResourcesBuildPhase;
			buildActionMask = 2147483647;
			files = (
				A72BB18A2237287D008575FC /* script.js in Resources */,
				A71504C4224CFE5300DD1214 /* ToolbarItemIcon.pdf in Resources */,
				A72BB1892237287D008575FC /* SafariExtensionViewController.xib in Resources */,
				A740E290224D0071007DA788 /* Assets.xcassets in Resources */,
			);
			runOnlyForDeploymentPostprocessing = 0;
		};
		A75220C42252044500C7A54E /* Resources */ = {
			isa = PBXResourcesBuildPhase;
			buildActionMask = 2147483647;
			files = (
				A75220CC2252044500C7A54E /* ShareViewController.xib in Resources */,
			);
			runOnlyForDeploymentPostprocessing = 0;
		};
		A760459322308DA5007F3268 /* Resources */ = {
			isa = PBXResourcesBuildPhase;
			buildActionMask = 2147483647;
			files = (
				A70D83282264BADF007A33D7 /* TextEditorViewController.xib in Resources */,
				A71EAE392270FFDB00ED840C /* ActivityCellView.xib in Resources */,
				A70D832C2264D277007A33D7 /* NumericEditorViewController.xib in Resources */,
				A718DF942279032C00990D2D /* StackFieldEditorViewController.xib in Resources */,
				A7E4512C224811C200848AF5 /* StackEditorViewController.xib in Resources */,
				A7A88ADB2242B7BF00C5A94E /* OutlineStackView.xib in Resources */,
				A7E4513022481BB200848AF5 /* CardEditorViewController.xib in Resources */,
				A71EAE332270AC2D00ED840C /* ActivityViewController.xib in Resources */,
				A7A88AEA2242C87100C5A94E /* TImelineViewController.xib in Resources */,
				A7A88ADF2242C44300C5A94E /* MainViewController.xib in Resources */,
				A77617FA2231C1450038E815 /* Assets.xcassets in Resources */,
				A76045A222308DA6007F3268 /* Main.storyboard in Resources */,
				A7A88AC522429EF500C5A94E /* OutlineViewController.xib in Resources */,
				A7A7C2EF224A7ABC000D114E /* OutlineCentralViewController.xib in Resources */,
				A7500D74227371E0007B5423 /* StackRemoveViewController.xib in Resources */,
				A77D5084224CEC2400F7A527 /* Resources in Resources */,
				A7A88ADA2242B7BF00C5A94E /* OutlineCellView.xib in Resources */,
				A71EAE3F2271032F00ED840C /* NotebooksViewController.xib in Resources */,
			);
			runOnlyForDeploymentPostprocessing = 0;
		};
		A78D4D1A2253DD6F005CE553 /* Resources */ = {
			isa = PBXResourcesBuildPhase;
			buildActionMask = 2147483647;
			files = (
				A78D4D292253DD70005CE553 /* LaunchScreen.storyboard in Resources */,
				A78D4D262253DD70005CE553 /* Assets.xcassets in Resources */,
				A78D4D242253DD6F005CE553 /* Main.storyboard in Resources */,
			);
			runOnlyForDeploymentPostprocessing = 0;
		};
/* End PBXResourcesBuildPhase section */

/* Begin PBXShellScriptBuildPhase section */
		20F8683AA56D47E70966C780 /* [CP] Check Pods Manifest.lock */ = {
			isa = PBXShellScriptBuildPhase;
			buildActionMask = 2147483647;
			files = (
			);
			inputFileListPaths = (
			);
			inputPaths = (
				"${PODS_PODFILE_DIR_PATH}/Podfile.lock",
				"${PODS_ROOT}/Manifest.lock",
			);
			name = "[CP] Check Pods Manifest.lock";
			outputFileListPaths = (
			);
			outputPaths = (
				"$(DERIVED_FILE_DIR)/Pods-ChronicyMacOS-checkManifestLockResult.txt",
			);
			runOnlyForDeploymentPostprocessing = 0;
			shellPath = /bin/sh;
			shellScript = "diff \"${PODS_PODFILE_DIR_PATH}/Podfile.lock\" \"${PODS_ROOT}/Manifest.lock\" > /dev/null\nif [ $? != 0 ] ; then\n    # print error to STDERR\n    echo \"error: The sandbox is not in sync with the Podfile.lock. Run 'pod install' or update your CocoaPods installation.\" >&2\n    exit 1\nfi\n# This output is used by Xcode 'outputs' to avoid re-running this script phase.\necho \"SUCCESS\" > \"${SCRIPT_OUTPUT_FILE_0}\"\n";
			showEnvVarsInLog = 0;
		};
		6474AFAE115EFBFA7EA0271C /* [CP] Embed Pods Frameworks */ = {
			isa = PBXShellScriptBuildPhase;
			buildActionMask = 2147483647;
			files = (
			);
			inputFileListPaths = (
				"${PODS_ROOT}/Target Support Files/Pods-ChronicyMacOS/Pods-ChronicyMacOS-frameworks-${CONFIGURATION}-input-files.xcfilelist",
			);
			name = "[CP] Embed Pods Frameworks";
			outputFileListPaths = (
				"${PODS_ROOT}/Target Support Files/Pods-ChronicyMacOS/Pods-ChronicyMacOS-frameworks-${CONFIGURATION}-output-files.xcfilelist",
			);
			runOnlyForDeploymentPostprocessing = 0;
			shellPath = /bin/sh;
			shellScript = "\"${PODS_ROOT}/Target Support Files/Pods-ChronicyMacOS/Pods-ChronicyMacOS-frameworks.sh\"\n";
			showEnvVarsInLog = 0;
		};
		91D712661576E15E1D530773 /* [CP] Check Pods Manifest.lock */ = {
			isa = PBXShellScriptBuildPhase;
			buildActionMask = 2147483647;
			files = (
			);
			inputFileListPaths = (
			);
			inputPaths = (
				"${PODS_PODFILE_DIR_PATH}/Podfile.lock",
				"${PODS_ROOT}/Manifest.lock",
			);
			name = "[CP] Check Pods Manifest.lock";
			outputFileListPaths = (
			);
			outputPaths = (
				"$(DERIVED_FILE_DIR)/Pods-ChronicyShareExtension-checkManifestLockResult.txt",
			);
			runOnlyForDeploymentPostprocessing = 0;
			shellPath = /bin/sh;
			shellScript = "diff \"${PODS_PODFILE_DIR_PATH}/Podfile.lock\" \"${PODS_ROOT}/Manifest.lock\" > /dev/null\nif [ $? != 0 ] ; then\n    # print error to STDERR\n    echo \"error: The sandbox is not in sync with the Podfile.lock. Run 'pod install' or update your CocoaPods installation.\" >&2\n    exit 1\nfi\n# This output is used by Xcode 'outputs' to avoid re-running this script phase.\necho \"SUCCESS\" > \"${SCRIPT_OUTPUT_FILE_0}\"\n";
			showEnvVarsInLog = 0;
		};
		99935A01655A84B3B8D1E23E /* [CP] Embed Pods Frameworks */ = {
			isa = PBXShellScriptBuildPhase;
			buildActionMask = 2147483647;
			files = (
			);
			inputFileListPaths = (
				"${PODS_ROOT}/Target Support Files/Pods-ChronicyiOS/Pods-ChronicyiOS-frameworks-${CONFIGURATION}-input-files.xcfilelist",
			);
			name = "[CP] Embed Pods Frameworks";
			outputFileListPaths = (
				"${PODS_ROOT}/Target Support Files/Pods-ChronicyiOS/Pods-ChronicyiOS-frameworks-${CONFIGURATION}-output-files.xcfilelist",
			);
			runOnlyForDeploymentPostprocessing = 0;
			shellPath = /bin/sh;
			shellScript = "\"${PODS_ROOT}/Target Support Files/Pods-ChronicyiOS/Pods-ChronicyiOS-frameworks.sh\"\n";
			showEnvVarsInLog = 0;
		};
		BA91167D5881F10570D6050D /* [CP] Check Pods Manifest.lock */ = {
			isa = PBXShellScriptBuildPhase;
			buildActionMask = 2147483647;
			files = (
			);
			inputFileListPaths = (
			);
			inputPaths = (
				"${PODS_PODFILE_DIR_PATH}/Podfile.lock",
				"${PODS_ROOT}/Manifest.lock",
			);
			name = "[CP] Check Pods Manifest.lock";
			outputFileListPaths = (
			);
			outputPaths = (
				"$(DERIVED_FILE_DIR)/Pods-ChronicySafariExtension-checkManifestLockResult.txt",
			);
			runOnlyForDeploymentPostprocessing = 0;
			shellPath = /bin/sh;
			shellScript = "diff \"${PODS_PODFILE_DIR_PATH}/Podfile.lock\" \"${PODS_ROOT}/Manifest.lock\" > /dev/null\nif [ $? != 0 ] ; then\n    # print error to STDERR\n    echo \"error: The sandbox is not in sync with the Podfile.lock. Run 'pod install' or update your CocoaPods installation.\" >&2\n    exit 1\nfi\n# This output is used by Xcode 'outputs' to avoid re-running this script phase.\necho \"SUCCESS\" > \"${SCRIPT_OUTPUT_FILE_0}\"\n";
			showEnvVarsInLog = 0;
		};
		D87F515EEA8AC9A512A7FAD7 /* [CP] Check Pods Manifest.lock */ = {
			isa = PBXShellScriptBuildPhase;
			buildActionMask = 2147483647;
			files = (
			);
			inputFileListPaths = (
			);
			inputPaths = (
				"${PODS_PODFILE_DIR_PATH}/Podfile.lock",
				"${PODS_ROOT}/Manifest.lock",
			);
			name = "[CP] Check Pods Manifest.lock";
			outputFileListPaths = (
			);
			outputPaths = (
				"$(DERIVED_FILE_DIR)/Pods-ChronicyiOS-checkManifestLockResult.txt",
			);
			runOnlyForDeploymentPostprocessing = 0;
			shellPath = /bin/sh;
			shellScript = "diff \"${PODS_PODFILE_DIR_PATH}/Podfile.lock\" \"${PODS_ROOT}/Manifest.lock\" > /dev/null\nif [ $? != 0 ] ; then\n    # print error to STDERR\n    echo \"error: The sandbox is not in sync with the Podfile.lock. Run 'pod install' or update your CocoaPods installation.\" >&2\n    exit 1\nfi\n# This output is used by Xcode 'outputs' to avoid re-running this script phase.\necho \"SUCCESS\" > \"${SCRIPT_OUTPUT_FILE_0}\"\n";
			showEnvVarsInLog = 0;
		};
/* End PBXShellScriptBuildPhase section */

/* Begin PBXSourcesBuildPhase section */
		A72BB1572237280C008575FC /* Sources */ = {
			isa = PBXSourcesBuildPhase;
			buildActionMask = 2147483647;
			files = (
				A78CCC39227770B1007BAE9C /* ExtensionField.swift in Sources */,
				A798867522399D520029A791 /* ContentTrackerManager.swift in Sources */,
				A78631FB22776D9D00F53D4D /* SharedConstants.swift in Sources */,
				A78CCC3422776F19007BAE9C /* ExtensionStack.swift in Sources */,
				A78631F622776D3900F53D4D /* KeyStorage.swift in Sources */,
				A78631F922776D6A00F53D4D /* Log.swift in Sources */,
				A78CCC3F2277B499007BAE9C /* FieldContainer.swift in Sources */,
				A72BB18C2237287D008575FC /* SafariExtensionViewController.swift in Sources */,
				A79886782239AB760029A791 /* ExtensionStateManager.swift in Sources */,
				A78631F722776D3900F53D4D /* DistributedObjectManager.swift in Sources */,
				A78CCC3522776F19007BAE9C /* ExtensionNotebook.swift in Sources */,
				A7AB5AF122747040004EEDDD /* NotebookCollection.swift in Sources */,
				A798867322399C690029A791 /* ContentTracker.swift in Sources */,
				A72BB1882237287D008575FC /* SafariExtensionHandler.swift in Sources */,
				A78CCC3D2277B469007BAE9C /* FieldDefinition.swift in Sources */,
			);
			runOnlyForDeploymentPostprocessing = 0;
		};
		A75220C22252044500C7A54E /* Sources */ = {
			isa = PBXSourcesBuildPhase;
			buildActionMask = 2147483647;
			files = (
				A75220C92252044500C7A54E /* ShareViewController.swift in Sources */,
			);
			runOnlyForDeploymentPostprocessing = 0;
		};
		A760459122308DA5007F3268 /* Sources */ = {
			isa = PBXSourcesBuildPhase;
			buildActionMask = 2147483647;
			files = (
				A7E4512F22481BB200848AF5 /* CardEditorViewController.swift in Sources */,
				A70D832B2264D277007A33D7 /* NumericEditorViewController.swift in Sources */,
				A7BC2845224BF3D300A1A6DE /* ContentView.swift in Sources */,
				A70D399B22553AD900580FF4 /* Color.swift in Sources */,
				A70E8C872279DD86003FE68C /* EditorViewController.swift in Sources */,
				A71E06BF22591C5700305EC4 /* AlamofireRequestable.swift in Sources */,
				A7A88AC422429EF500C5A94E /* OutlineViewController.swift in Sources */,
				A7BC2841224BDD8A00A1A6DE /* NotificationSender.swift in Sources */,
				A7109E312235849400E3EB29 /* ViewLoader.swift in Sources */,
				A794AB4A225F08E0004BA2E0 /* PageManager.swift in Sources */,
				A7E4512B224811C200848AF5 /* StackEditorViewController.swift in Sources */,
				A7A88ADE2242C44300C5A94E /* MainViewController.swift in Sources */,
				A7A88AD82242B7BF00C5A94E /* OutlineStackView.swift in Sources */,
				A7CD73A4225D2BFC00C94B23 /* CustomField.swift in Sources */,
				A7500D73227371E0007B5423 /* StackRemoveViewController.swift in Sources */,
				A7515F242231ADAD00380978 /* WindowController.swift in Sources */,
				A718DF932279032C00990D2D /* StackFieldEditorViewController.swift in Sources */,
				A794AB4D225F0F04004BA2E0 /* CardTag.swift in Sources */,
				A71EAE372270FFBE00ED840C /* ActivityCellView.swift in Sources */,
				A77618012231C8BD0038E815 /* Log.swift in Sources */,
				A7A88AD92242B7BF00C5A94E /* OutlineCellView.swift in Sources */,
				A7109E3422358E3800E3EB29 /* ApplicationManager.swift in Sources */,
				A79EEAB72273B1E200EE354C /* SafariBrowserTracker.swift in Sources */,
				A7A88ACF2242B0A600C5A94E /* View.swift in Sources */,
				A79EEAB62273B1E200EE354C /* BrowserTracker.swift in Sources */,
				A760459922308DA5007F3268 /* AppDelegate.swift in Sources */,
				A7A7C2EE224A7ABC000D114E /* OutlineCentralViewController.swift in Sources */,
				A71EAE322270AC2D00ED840C /* ActivityViewController.swift in Sources */,
				A71EAE3E2271032F00ED840C /* NotebooksViewController.swift in Sources */,
				A70ED2532249B27200E53AAE /* ViewControllerPresenter.swift in Sources */,
				A70D83272264BADF007A33D7 /* TextEditorViewController.swift in Sources */,
				A7CD73A2225D1C2000C94B23 /* Sidebar.swift in Sources */,
				A7A88AE92242C87100C5A94E /* TImelineViewController.swift in Sources */,
			);
			runOnlyForDeploymentPostprocessing = 0;
		};
		A78D4D182253DD6F005CE553 /* Sources */ = {
			isa = PBXSourcesBuildPhase;
			buildActionMask = 2147483647;
			files = (
				A78D4D1F2253DD6F005CE553 /* AppDelegate.swift in Sources */,
				A7926D0A22676ED3002F9478 /* ArticleViewController.swift in Sources */,
				A7291F9C22667A7A00692B75 /* MainViewController.swift in Sources */,
			);
			runOnlyForDeploymentPostprocessing = 0;
		};
/* End PBXSourcesBuildPhase section */

/* Begin PBXTargetDependency section */
		A72BB16E2237280C008575FC /* PBXTargetDependency */ = {
			isa = PBXTargetDependency;
			target = A72BB15A2237280C008575FC /* ChronicySafariExtension */;
			targetProxy = A72BB16D2237280C008575FC /* PBXContainerItemProxy */;
		};
		A75220D02252044500C7A54E /* PBXTargetDependency */ = {
			isa = PBXTargetDependency;
			target = A75220C52252044500C7A54E /* ChronicyShareExtension */;
			targetProxy = A75220CF2252044500C7A54E /* PBXContainerItemProxy */;
		};
		A7CD739F225D14CF00C94B23 /* PBXTargetDependency */ = {
			isa = PBXTargetDependency;
			name = FatSidebar;
			targetProxy = A7CD739E225D14CF00C94B23 /* PBXContainerItemProxy */;
		};
/* End PBXTargetDependency section */

/* Begin PBXVariantGroup section */
		A72BB1822237287D008575FC /* SafariExtensionViewController.xib */ = {
			isa = PBXVariantGroup;
			children = (
				A72BB1832237287D008575FC /* Base */,
			);
			name = SafariExtensionViewController.xib;
			sourceTree = "<group>";
		};
		A75220CA2252044500C7A54E /* ShareViewController.xib */ = {
			isa = PBXVariantGroup;
			children = (
				A75220CB2252044500C7A54E /* Base */,
			);
			name = ShareViewController.xib;
			sourceTree = "<group>";
		};
		A76045A022308DA6007F3268 /* Main.storyboard */ = {
			isa = PBXVariantGroup;
			children = (
				A76045A122308DA6007F3268 /* Base */,
			);
			name = Main.storyboard;
			sourceTree = "<group>";
		};
		A78D4D222253DD6F005CE553 /* Main.storyboard */ = {
			isa = PBXVariantGroup;
			children = (
				A78D4D232253DD6F005CE553 /* Base */,
			);
			name = Main.storyboard;
			sourceTree = "<group>";
		};
		A78D4D272253DD70005CE553 /* LaunchScreen.storyboard */ = {
			isa = PBXVariantGroup;
			children = (
				A78D4D282253DD70005CE553 /* Base */,
			);
			name = LaunchScreen.storyboard;
			sourceTree = "<group>";
		};
/* End PBXVariantGroup section */

/* Begin XCBuildConfiguration section */
		A72BB1712237280C008575FC /* Debug */ = {
			isa = XCBuildConfiguration;
			baseConfigurationReference = 4C1F18DCD2C902D217BD9287 /* Pods-ChronicySafariExtension.debug.xcconfig */;
			buildSettings = {
				ALWAYS_SEARCH_USER_PATHS = NO;
				CLANG_ANALYZER_NONNULL = YES;
				CLANG_ANALYZER_NUMBER_OBJECT_CONVERSION = YES_AGGRESSIVE;
				CLANG_CXX_LANGUAGE_STANDARD = "gnu++14";
				CLANG_CXX_LIBRARY = "libc++";
				CLANG_ENABLE_MODULES = YES;
				CLANG_ENABLE_OBJC_ARC = YES;
				CLANG_ENABLE_OBJC_WEAK = YES;
				CLANG_WARN_BLOCK_CAPTURE_AUTORELEASING = YES;
				CLANG_WARN_BOOL_CONVERSION = YES;
				CLANG_WARN_COMMA = YES;
				CLANG_WARN_CONSTANT_CONVERSION = YES;
				CLANG_WARN_DEPRECATED_OBJC_IMPLEMENTATIONS = YES;
				CLANG_WARN_DIRECT_OBJC_ISA_USAGE = YES_ERROR;
				CLANG_WARN_DOCUMENTATION_COMMENTS = YES;
				CLANG_WARN_EMPTY_BODY = YES;
				CLANG_WARN_ENUM_CONVERSION = YES;
				CLANG_WARN_INFINITE_RECURSION = YES;
				CLANG_WARN_INT_CONVERSION = YES;
				CLANG_WARN_NON_LITERAL_NULL_CONVERSION = YES;
				CLANG_WARN_OBJC_IMPLICIT_RETAIN_SELF = YES;
				CLANG_WARN_OBJC_LITERAL_CONVERSION = YES;
				CLANG_WARN_OBJC_ROOT_CLASS = YES_ERROR;
				CLANG_WARN_RANGE_LOOP_ANALYSIS = YES;
				CLANG_WARN_STRICT_PROTOTYPES = YES;
				CLANG_WARN_SUSPICIOUS_MOVE = YES;
				CLANG_WARN_UNGUARDED_AVAILABILITY = YES_AGGRESSIVE;
				CLANG_WARN_UNREACHABLE_CODE = YES;
				CLANG_WARN__DUPLICATE_METHOD_MATCH = YES;
				CODE_SIGN_ENTITLEMENTS = "ChronicySafariExtension/Chronicy Safari Extension.entitlements";
				CODE_SIGN_IDENTITY = "Mac Developer";
				CODE_SIGN_STYLE = Automatic;
				COPY_PHASE_STRIP = NO;
				DEBUG_INFORMATION_FORMAT = dwarf;
				DEVELOPMENT_TEAM = 938D7ZG3MN;
				ENABLE_STRICT_OBJC_MSGSEND = YES;
				ENABLE_TESTABILITY = YES;
				GCC_C_LANGUAGE_STANDARD = gnu11;
				GCC_DYNAMIC_NO_PIC = NO;
				GCC_NO_COMMON_BLOCKS = YES;
				GCC_OPTIMIZATION_LEVEL = 0;
				GCC_PREPROCESSOR_DEFINITIONS = (
					"DEBUG=1",
					"$(inherited)",
				);
				GCC_WARN_64_TO_32_BIT_CONVERSION = YES;
				GCC_WARN_ABOUT_RETURN_TYPE = YES_ERROR;
				GCC_WARN_UNDECLARED_SELECTOR = YES;
				GCC_WARN_UNINITIALIZED_AUTOS = YES_AGGRESSIVE;
				GCC_WARN_UNUSED_FUNCTION = YES;
				GCC_WARN_UNUSED_VARIABLE = YES;
				INFOPLIST_FILE = ChronicySafariExtension/Info.plist;
				LD_RUNPATH_SEARCH_PATHS = (
					"$(inherited)",
					"@executable_path/../Frameworks",
					"@executable_path/../../../../Frameworks",
				);
				MACOSX_DEPLOYMENT_TARGET = 10.14;
				MTL_ENABLE_DEBUG_INFO = INCLUDE_SOURCE;
				MTL_FAST_MATH = YES;
				ONLY_ACTIVE_ARCH = YES;
				PRODUCT_BUNDLE_IDENTIFIER = ro.internals.ChronicyMacOS.ChronicySafariExtension;
				PRODUCT_NAME = $TARGET_NAME;
				PROVISIONING_PROFILE_SPECIFIER = "";
				SDKROOT = macosx;
				SKIP_INSTALL = YES;
				SWIFT_ACTIVE_COMPILATION_CONDITIONS = DEBUG;
				SWIFT_OPTIMIZATION_LEVEL = "-Onone";
				SWIFT_VERSION = 5.0;
			};
			name = Debug;
		};
		A72BB1722237280C008575FC /* Release */ = {
			isa = XCBuildConfiguration;
			baseConfigurationReference = 250C3BDCA196C59D57DB047F /* Pods-ChronicySafariExtension.release.xcconfig */;
			buildSettings = {
				ALWAYS_SEARCH_USER_PATHS = NO;
				CLANG_ANALYZER_NONNULL = YES;
				CLANG_ANALYZER_NUMBER_OBJECT_CONVERSION = YES_AGGRESSIVE;
				CLANG_CXX_LANGUAGE_STANDARD = "gnu++14";
				CLANG_CXX_LIBRARY = "libc++";
				CLANG_ENABLE_MODULES = YES;
				CLANG_ENABLE_OBJC_ARC = YES;
				CLANG_ENABLE_OBJC_WEAK = YES;
				CLANG_WARN_BLOCK_CAPTURE_AUTORELEASING = YES;
				CLANG_WARN_BOOL_CONVERSION = YES;
				CLANG_WARN_COMMA = YES;
				CLANG_WARN_CONSTANT_CONVERSION = YES;
				CLANG_WARN_DEPRECATED_OBJC_IMPLEMENTATIONS = YES;
				CLANG_WARN_DIRECT_OBJC_ISA_USAGE = YES_ERROR;
				CLANG_WARN_DOCUMENTATION_COMMENTS = YES;
				CLANG_WARN_EMPTY_BODY = YES;
				CLANG_WARN_ENUM_CONVERSION = YES;
				CLANG_WARN_INFINITE_RECURSION = YES;
				CLANG_WARN_INT_CONVERSION = YES;
				CLANG_WARN_NON_LITERAL_NULL_CONVERSION = YES;
				CLANG_WARN_OBJC_IMPLICIT_RETAIN_SELF = YES;
				CLANG_WARN_OBJC_LITERAL_CONVERSION = YES;
				CLANG_WARN_OBJC_ROOT_CLASS = YES_ERROR;
				CLANG_WARN_RANGE_LOOP_ANALYSIS = YES;
				CLANG_WARN_STRICT_PROTOTYPES = YES;
				CLANG_WARN_SUSPICIOUS_MOVE = YES;
				CLANG_WARN_UNGUARDED_AVAILABILITY = YES_AGGRESSIVE;
				CLANG_WARN_UNREACHABLE_CODE = YES;
				CLANG_WARN__DUPLICATE_METHOD_MATCH = YES;
				CODE_SIGN_ENTITLEMENTS = "ChronicySafariExtension/Chronicy Safari Extension.entitlements";
				CODE_SIGN_IDENTITY = "Mac Developer";
				CODE_SIGN_STYLE = Automatic;
				COPY_PHASE_STRIP = NO;
				DEBUG_INFORMATION_FORMAT = "dwarf-with-dsym";
				DEVELOPMENT_TEAM = 938D7ZG3MN;
				ENABLE_NS_ASSERTIONS = NO;
				ENABLE_STRICT_OBJC_MSGSEND = YES;
				GCC_C_LANGUAGE_STANDARD = gnu11;
				GCC_NO_COMMON_BLOCKS = YES;
				GCC_WARN_64_TO_32_BIT_CONVERSION = YES;
				GCC_WARN_ABOUT_RETURN_TYPE = YES_ERROR;
				GCC_WARN_UNDECLARED_SELECTOR = YES;
				GCC_WARN_UNINITIALIZED_AUTOS = YES_AGGRESSIVE;
				GCC_WARN_UNUSED_FUNCTION = YES;
				GCC_WARN_UNUSED_VARIABLE = YES;
				INFOPLIST_FILE = ChronicySafariExtension/Info.plist;
				LD_RUNPATH_SEARCH_PATHS = (
					"$(inherited)",
					"@executable_path/../Frameworks",
					"@executable_path/../../../../Frameworks",
				);
				MACOSX_DEPLOYMENT_TARGET = 10.14;
				MTL_ENABLE_DEBUG_INFO = NO;
				MTL_FAST_MATH = YES;
				PRODUCT_BUNDLE_IDENTIFIER = ro.internals.ChronicyMacOS.ChronicySafariExtension;
				PRODUCT_NAME = $TARGET_NAME;
				PROVISIONING_PROFILE_SPECIFIER = "";
				SDKROOT = macosx;
				SKIP_INSTALL = YES;
				SWIFT_COMPILATION_MODE = wholemodule;
				SWIFT_OPTIMIZATION_LEVEL = "-O";
				SWIFT_VERSION = 5.0;
			};
			name = Release;
		};
		A75220D22252044500C7A54E /* Debug */ = {
			isa = XCBuildConfiguration;
			baseConfigurationReference = 39724E4C21F2577A81734C36 /* Pods-ChronicyShareExtension.debug.xcconfig */;
			buildSettings = {
				ALWAYS_SEARCH_USER_PATHS = NO;
				CLANG_ANALYZER_NONNULL = YES;
				CLANG_ANALYZER_NUMBER_OBJECT_CONVERSION = YES_AGGRESSIVE;
				CLANG_CXX_LANGUAGE_STANDARD = "gnu++14";
				CLANG_CXX_LIBRARY = "libc++";
				CLANG_ENABLE_MODULES = YES;
				CLANG_ENABLE_OBJC_ARC = YES;
				CLANG_ENABLE_OBJC_WEAK = YES;
				CLANG_WARN_DIRECT_OBJC_ISA_USAGE = YES_ERROR;
				CLANG_WARN_DOCUMENTATION_COMMENTS = YES;
				CLANG_WARN_OBJC_ROOT_CLASS = YES_ERROR;
				CLANG_WARN_UNGUARDED_AVAILABILITY = YES_AGGRESSIVE;
				CODE_SIGN_ENTITLEMENTS = ChronicyShareExtension/ChronicyShareExtension.entitlements;
				CODE_SIGN_IDENTITY = "Mac Developer";
				CODE_SIGN_STYLE = Automatic;
				COMBINE_HIDPI_IMAGES = YES;
				COPY_PHASE_STRIP = NO;
				DEBUG_INFORMATION_FORMAT = dwarf;
				DEVELOPMENT_TEAM = 938D7ZG3MN;
				GCC_C_LANGUAGE_STANDARD = gnu11;
				GCC_DYNAMIC_NO_PIC = NO;
				GCC_OPTIMIZATION_LEVEL = 0;
				GCC_PREPROCESSOR_DEFINITIONS = (
					"DEBUG=1",
					"$(inherited)",
				);
				GCC_WARN_ABOUT_RETURN_TYPE = YES_ERROR;
				GCC_WARN_UNINITIALIZED_AUTOS = YES_AGGRESSIVE;
				INFOPLIST_FILE = ChronicyShareExtension/Info.plist;
				LD_RUNPATH_SEARCH_PATHS = (
					"$(inherited)",
					"@executable_path/../Frameworks",
					"@executable_path/../../../../Frameworks",
				);
				MACOSX_DEPLOYMENT_TARGET = 10.14;
				MTL_ENABLE_DEBUG_INFO = INCLUDE_SOURCE;
				MTL_FAST_MATH = YES;
				PRODUCT_BUNDLE_IDENTIFIER = ro.internals.ChronicyMacOS.ChronicyShareExtension;
				PRODUCT_NAME = "$(TARGET_NAME)";
				SDKROOT = macosx;
				SKIP_INSTALL = YES;
				SWIFT_ACTIVE_COMPILATION_CONDITIONS = DEBUG;
				SWIFT_OPTIMIZATION_LEVEL = "-Onone";
				SWIFT_VERSION = 5.0;
			};
			name = Debug;
		};
		A75220D32252044500C7A54E /* Release */ = {
			isa = XCBuildConfiguration;
			baseConfigurationReference = 52689800C34A1675E0FB469A /* Pods-ChronicyShareExtension.release.xcconfig */;
			buildSettings = {
				ALWAYS_SEARCH_USER_PATHS = NO;
				CLANG_ANALYZER_NONNULL = YES;
				CLANG_ANALYZER_NUMBER_OBJECT_CONVERSION = YES_AGGRESSIVE;
				CLANG_CXX_LANGUAGE_STANDARD = "gnu++14";
				CLANG_CXX_LIBRARY = "libc++";
				CLANG_ENABLE_MODULES = YES;
				CLANG_ENABLE_OBJC_ARC = YES;
				CLANG_ENABLE_OBJC_WEAK = YES;
				CLANG_WARN_DIRECT_OBJC_ISA_USAGE = YES_ERROR;
				CLANG_WARN_DOCUMENTATION_COMMENTS = YES;
				CLANG_WARN_OBJC_ROOT_CLASS = YES_ERROR;
				CLANG_WARN_UNGUARDED_AVAILABILITY = YES_AGGRESSIVE;
				CODE_SIGN_ENTITLEMENTS = ChronicyShareExtension/ChronicyShareExtension.entitlements;
				CODE_SIGN_IDENTITY = "Mac Developer";
				CODE_SIGN_STYLE = Automatic;
				COMBINE_HIDPI_IMAGES = YES;
				COPY_PHASE_STRIP = NO;
				DEBUG_INFORMATION_FORMAT = "dwarf-with-dsym";
				DEVELOPMENT_TEAM = 938D7ZG3MN;
				ENABLE_NS_ASSERTIONS = NO;
				GCC_C_LANGUAGE_STANDARD = gnu11;
				GCC_WARN_ABOUT_RETURN_TYPE = YES_ERROR;
				GCC_WARN_UNINITIALIZED_AUTOS = YES_AGGRESSIVE;
				INFOPLIST_FILE = ChronicyShareExtension/Info.plist;
				LD_RUNPATH_SEARCH_PATHS = (
					"$(inherited)",
					"@executable_path/../Frameworks",
					"@executable_path/../../../../Frameworks",
				);
				MACOSX_DEPLOYMENT_TARGET = 10.14;
				MTL_ENABLE_DEBUG_INFO = NO;
				MTL_FAST_MATH = YES;
				PRODUCT_BUNDLE_IDENTIFIER = ro.internals.ChronicyMacOS.ChronicyShareExtension;
				PRODUCT_NAME = "$(TARGET_NAME)";
				SDKROOT = macosx;
				SKIP_INSTALL = YES;
				SWIFT_COMPILATION_MODE = wholemodule;
				SWIFT_OPTIMIZATION_LEVEL = "-O";
				SWIFT_VERSION = 5.0;
			};
			name = Release;
		};
		A76045A922308DA6007F3268 /* Debug */ = {
			isa = XCBuildConfiguration;
			baseConfigurationReference = A343ABFB44DA3BE969839BCB /* Pods-ChronicyMacOS.debug.xcconfig */;
			buildSettings = {
				ALWAYS_EMBED_SWIFT_STANDARD_LIBRARIES = YES;
				ALWAYS_SEARCH_USER_PATHS = NO;
				ASSETCATALOG_COMPILER_APPICON_NAME = AppIcon;
				CLANG_ANALYZER_NONNULL = YES;
				CLANG_ANALYZER_NUMBER_OBJECT_CONVERSION = YES_AGGRESSIVE;
				CLANG_CXX_LANGUAGE_STANDARD = "gnu++14";
				CLANG_CXX_LIBRARY = "libc++";
				CLANG_ENABLE_MODULES = YES;
				CLANG_ENABLE_OBJC_ARC = YES;
				CLANG_ENABLE_OBJC_WEAK = YES;
				CLANG_WARN_BLOCK_CAPTURE_AUTORELEASING = YES;
				CLANG_WARN_BOOL_CONVERSION = YES;
				CLANG_WARN_COMMA = YES;
				CLANG_WARN_CONSTANT_CONVERSION = YES;
				CLANG_WARN_DEPRECATED_OBJC_IMPLEMENTATIONS = YES;
				CLANG_WARN_DIRECT_OBJC_ISA_USAGE = YES_ERROR;
				CLANG_WARN_DOCUMENTATION_COMMENTS = YES;
				CLANG_WARN_EMPTY_BODY = YES;
				CLANG_WARN_ENUM_CONVERSION = YES;
				CLANG_WARN_INFINITE_RECURSION = YES;
				CLANG_WARN_INT_CONVERSION = YES;
				CLANG_WARN_NON_LITERAL_NULL_CONVERSION = YES;
				CLANG_WARN_OBJC_IMPLICIT_RETAIN_SELF = YES;
				CLANG_WARN_OBJC_LITERAL_CONVERSION = YES;
				CLANG_WARN_OBJC_ROOT_CLASS = YES_ERROR;
				CLANG_WARN_RANGE_LOOP_ANALYSIS = YES;
				CLANG_WARN_STRICT_PROTOTYPES = YES;
				CLANG_WARN_SUSPICIOUS_MOVE = YES;
				CLANG_WARN_UNGUARDED_AVAILABILITY = YES_AGGRESSIVE;
				CLANG_WARN_UNREACHABLE_CODE = YES;
				CLANG_WARN__DUPLICATE_METHOD_MATCH = YES;
				CODE_SIGN_ENTITLEMENTS = ChronicyMacOS/ChronicyMacOS.entitlements;
				CODE_SIGN_IDENTITY = "Mac Developer";
				CODE_SIGN_STYLE = Automatic;
				COMBINE_HIDPI_IMAGES = YES;
				COPY_PHASE_STRIP = NO;
				DEBUG_INFORMATION_FORMAT = dwarf;
				DEVELOPMENT_TEAM = 938D7ZG3MN;
				ENABLE_STRICT_OBJC_MSGSEND = YES;
				ENABLE_TESTABILITY = YES;
				GCC_C_LANGUAGE_STANDARD = gnu11;
				GCC_DYNAMIC_NO_PIC = NO;
				GCC_NO_COMMON_BLOCKS = YES;
				GCC_OPTIMIZATION_LEVEL = 0;
				GCC_PREPROCESSOR_DEFINITIONS = (
					"DEBUG=1",
					"$(inherited)",
				);
				GCC_WARN_64_TO_32_BIT_CONVERSION = YES;
				GCC_WARN_ABOUT_RETURN_TYPE = YES_ERROR;
				GCC_WARN_UNDECLARED_SELECTOR = YES;
				GCC_WARN_UNINITIALIZED_AUTOS = YES_AGGRESSIVE;
				GCC_WARN_UNUSED_FUNCTION = YES;
				GCC_WARN_UNUSED_VARIABLE = YES;
				INFOPLIST_FILE = ChronicyMacOS/Info.plist;
				LD_RUNPATH_SEARCH_PATHS = (
					"$(inherited)",
					"@executable_path/../Frameworks",
				);
				MACOSX_DEPLOYMENT_TARGET = 10.14;
				MTL_ENABLE_DEBUG_INFO = INCLUDE_SOURCE;
				MTL_FAST_MATH = YES;
				ONLY_ACTIVE_ARCH = YES;
				PRODUCT_BUNDLE_IDENTIFIER = ro.internals.ChronicyMacOS;
				PRODUCT_NAME = "$(TARGET_NAME)";
				PROVISIONING_PROFILE_SPECIFIER = "";
				SDKROOT = macosx;
				SWIFT_ACTIVE_COMPILATION_CONDITIONS = DEBUG;
				SWIFT_OPTIMIZATION_LEVEL = "-Onone";
				SWIFT_VERSION = 5.0;
			};
			name = Debug;
		};
		A76045AA22308DA6007F3268 /* Release */ = {
			isa = XCBuildConfiguration;
			baseConfigurationReference = 87954602E8661CB61C505539 /* Pods-ChronicyMacOS.release.xcconfig */;
			buildSettings = {
				ALWAYS_EMBED_SWIFT_STANDARD_LIBRARIES = YES;
				ALWAYS_SEARCH_USER_PATHS = NO;
				ASSETCATALOG_COMPILER_APPICON_NAME = AppIcon;
				CLANG_ANALYZER_NONNULL = YES;
				CLANG_ANALYZER_NUMBER_OBJECT_CONVERSION = YES_AGGRESSIVE;
				CLANG_CXX_LANGUAGE_STANDARD = "gnu++14";
				CLANG_CXX_LIBRARY = "libc++";
				CLANG_ENABLE_MODULES = YES;
				CLANG_ENABLE_OBJC_ARC = YES;
				CLANG_ENABLE_OBJC_WEAK = YES;
				CLANG_WARN_BLOCK_CAPTURE_AUTORELEASING = YES;
				CLANG_WARN_BOOL_CONVERSION = YES;
				CLANG_WARN_COMMA = YES;
				CLANG_WARN_CONSTANT_CONVERSION = YES;
				CLANG_WARN_DEPRECATED_OBJC_IMPLEMENTATIONS = YES;
				CLANG_WARN_DIRECT_OBJC_ISA_USAGE = YES_ERROR;
				CLANG_WARN_DOCUMENTATION_COMMENTS = YES;
				CLANG_WARN_EMPTY_BODY = YES;
				CLANG_WARN_ENUM_CONVERSION = YES;
				CLANG_WARN_INFINITE_RECURSION = YES;
				CLANG_WARN_INT_CONVERSION = YES;
				CLANG_WARN_NON_LITERAL_NULL_CONVERSION = YES;
				CLANG_WARN_OBJC_IMPLICIT_RETAIN_SELF = YES;
				CLANG_WARN_OBJC_LITERAL_CONVERSION = YES;
				CLANG_WARN_OBJC_ROOT_CLASS = YES_ERROR;
				CLANG_WARN_RANGE_LOOP_ANALYSIS = YES;
				CLANG_WARN_STRICT_PROTOTYPES = YES;
				CLANG_WARN_SUSPICIOUS_MOVE = YES;
				CLANG_WARN_UNGUARDED_AVAILABILITY = YES_AGGRESSIVE;
				CLANG_WARN_UNREACHABLE_CODE = YES;
				CLANG_WARN__DUPLICATE_METHOD_MATCH = YES;
				CODE_SIGN_ENTITLEMENTS = ChronicyMacOS/ChronicyMacOS.entitlements;
				CODE_SIGN_IDENTITY = "Mac Developer";
				CODE_SIGN_STYLE = Automatic;
				COMBINE_HIDPI_IMAGES = YES;
				COPY_PHASE_STRIP = NO;
				DEBUG_INFORMATION_FORMAT = "dwarf-with-dsym";
				DEVELOPMENT_TEAM = 938D7ZG3MN;
				ENABLE_NS_ASSERTIONS = NO;
				ENABLE_STRICT_OBJC_MSGSEND = YES;
				GCC_C_LANGUAGE_STANDARD = gnu11;
				GCC_NO_COMMON_BLOCKS = YES;
				GCC_WARN_64_TO_32_BIT_CONVERSION = YES;
				GCC_WARN_ABOUT_RETURN_TYPE = YES_ERROR;
				GCC_WARN_UNDECLARED_SELECTOR = YES;
				GCC_WARN_UNINITIALIZED_AUTOS = YES_AGGRESSIVE;
				GCC_WARN_UNUSED_FUNCTION = YES;
				GCC_WARN_UNUSED_VARIABLE = YES;
				INFOPLIST_FILE = ChronicyMacOS/Info.plist;
				LD_RUNPATH_SEARCH_PATHS = (
					"$(inherited)",
					"@executable_path/../Frameworks",
				);
				MACOSX_DEPLOYMENT_TARGET = 10.14;
				MTL_ENABLE_DEBUG_INFO = NO;
				MTL_FAST_MATH = YES;
				PRODUCT_BUNDLE_IDENTIFIER = ro.internals.ChronicyMacOS;
				PRODUCT_NAME = "$(TARGET_NAME)";
				PROVISIONING_PROFILE_SPECIFIER = "";
				SDKROOT = macosx;
				SWIFT_COMPILATION_MODE = wholemodule;
				SWIFT_OPTIMIZATION_LEVEL = "-O";
				SWIFT_VERSION = 5.0;
			};
			name = Release;
		};
		A78D4D2C2253DD70005CE553 /* Debug */ = {
			isa = XCBuildConfiguration;
			baseConfigurationReference = 0D7AC4F1658E40332169FC0F /* Pods-ChronicyiOS.debug.xcconfig */;
			buildSettings = {
				ALWAYS_SEARCH_USER_PATHS = NO;
				ASSETCATALOG_COMPILER_APPICON_NAME = AppIcon;
				CLANG_ANALYZER_NONNULL = YES;
				CLANG_ANALYZER_NUMBER_OBJECT_CONVERSION = YES_AGGRESSIVE;
				CLANG_CXX_LANGUAGE_STANDARD = "gnu++14";
				CLANG_CXX_LIBRARY = "libc++";
				CLANG_ENABLE_MODULES = YES;
				CLANG_ENABLE_OBJC_ARC = YES;
				CLANG_ENABLE_OBJC_WEAK = YES;
				CLANG_WARN_DIRECT_OBJC_ISA_USAGE = YES_ERROR;
				CLANG_WARN_DOCUMENTATION_COMMENTS = YES;
				CLANG_WARN_OBJC_ROOT_CLASS = YES_ERROR;
				CLANG_WARN_UNGUARDED_AVAILABILITY = YES_AGGRESSIVE;
				CODE_SIGN_IDENTITY = "iPhone Developer";
				CODE_SIGN_STYLE = Automatic;
				COPY_PHASE_STRIP = NO;
				DEBUG_INFORMATION_FORMAT = dwarf;
				DEVELOPMENT_TEAM = 938D7ZG3MN;
				GCC_C_LANGUAGE_STANDARD = gnu11;
				GCC_DYNAMIC_NO_PIC = NO;
				GCC_OPTIMIZATION_LEVEL = 0;
				GCC_PREPROCESSOR_DEFINITIONS = (
					"DEBUG=1",
					"$(inherited)",
				);
				GCC_WARN_ABOUT_RETURN_TYPE = YES_ERROR;
				GCC_WARN_UNINITIALIZED_AUTOS = YES_AGGRESSIVE;
				INFOPLIST_FILE = ChronicyiOS/Info.plist;
				IPHONEOS_DEPLOYMENT_TARGET = 12.2;
				LD_RUNPATH_SEARCH_PATHS = (
					"$(inherited)",
					"@executable_path/Frameworks",
				);
				MTL_ENABLE_DEBUG_INFO = INCLUDE_SOURCE;
				MTL_FAST_MATH = YES;
				PRODUCT_BUNDLE_IDENTIFIER = ro.internals.ChronicyiOS;
				PRODUCT_NAME = "$(TARGET_NAME)";
				SDKROOT = iphoneos;
				SWIFT_ACTIVE_COMPILATION_CONDITIONS = DEBUG;
				SWIFT_OPTIMIZATION_LEVEL = "-Onone";
				SWIFT_VERSION = 5.0;
				TARGETED_DEVICE_FAMILY = "1,2";
			};
			name = Debug;
		};
		A78D4D2D2253DD70005CE553 /* Release */ = {
			isa = XCBuildConfiguration;
			baseConfigurationReference = 8DF35B138D4BECEE2C56FD8A /* Pods-ChronicyiOS.release.xcconfig */;
			buildSettings = {
				ALWAYS_SEARCH_USER_PATHS = NO;
				ASSETCATALOG_COMPILER_APPICON_NAME = AppIcon;
				CLANG_ANALYZER_NONNULL = YES;
				CLANG_ANALYZER_NUMBER_OBJECT_CONVERSION = YES_AGGRESSIVE;
				CLANG_CXX_LANGUAGE_STANDARD = "gnu++14";
				CLANG_CXX_LIBRARY = "libc++";
				CLANG_ENABLE_MODULES = YES;
				CLANG_ENABLE_OBJC_ARC = YES;
				CLANG_ENABLE_OBJC_WEAK = YES;
				CLANG_WARN_DIRECT_OBJC_ISA_USAGE = YES_ERROR;
				CLANG_WARN_DOCUMENTATION_COMMENTS = YES;
				CLANG_WARN_OBJC_ROOT_CLASS = YES_ERROR;
				CLANG_WARN_UNGUARDED_AVAILABILITY = YES_AGGRESSIVE;
				CODE_SIGN_IDENTITY = "iPhone Developer";
				CODE_SIGN_STYLE = Automatic;
				COPY_PHASE_STRIP = NO;
				DEBUG_INFORMATION_FORMAT = "dwarf-with-dsym";
				DEVELOPMENT_TEAM = 938D7ZG3MN;
				ENABLE_NS_ASSERTIONS = NO;
				GCC_C_LANGUAGE_STANDARD = gnu11;
				GCC_WARN_ABOUT_RETURN_TYPE = YES_ERROR;
				GCC_WARN_UNINITIALIZED_AUTOS = YES_AGGRESSIVE;
				INFOPLIST_FILE = ChronicyiOS/Info.plist;
				IPHONEOS_DEPLOYMENT_TARGET = 12.2;
				LD_RUNPATH_SEARCH_PATHS = (
					"$(inherited)",
					"@executable_path/Frameworks",
				);
				MTL_ENABLE_DEBUG_INFO = NO;
				MTL_FAST_MATH = YES;
				PRODUCT_BUNDLE_IDENTIFIER = ro.internals.ChronicyiOS;
				PRODUCT_NAME = "$(TARGET_NAME)";
				SDKROOT = iphoneos;
				SWIFT_COMPILATION_MODE = wholemodule;
				SWIFT_OPTIMIZATION_LEVEL = "-O";
				SWIFT_VERSION = 5.0;
				TARGETED_DEVICE_FAMILY = "1,2";
				VALIDATE_PRODUCT = YES;
			};
			name = Release;
		};
		A7C5C165223088B000C0B27B /* Debug */ = {
			isa = XCBuildConfiguration;
			buildSettings = {
				CLANG_WARN_BLOCK_CAPTURE_AUTORELEASING = YES;
				CLANG_WARN_BOOL_CONVERSION = YES;
				CLANG_WARN_COMMA = YES;
				CLANG_WARN_CONSTANT_CONVERSION = YES;
				CLANG_WARN_DEPRECATED_OBJC_IMPLEMENTATIONS = YES;
				CLANG_WARN_EMPTY_BODY = YES;
				CLANG_WARN_ENUM_CONVERSION = YES;
				CLANG_WARN_INFINITE_RECURSION = YES;
				CLANG_WARN_INT_CONVERSION = YES;
				CLANG_WARN_NON_LITERAL_NULL_CONVERSION = YES;
				CLANG_WARN_OBJC_IMPLICIT_RETAIN_SELF = YES;
				CLANG_WARN_OBJC_LITERAL_CONVERSION = YES;
				CLANG_WARN_RANGE_LOOP_ANALYSIS = YES;
				CLANG_WARN_STRICT_PROTOTYPES = YES;
				CLANG_WARN_SUSPICIOUS_MOVE = YES;
				CLANG_WARN_UNREACHABLE_CODE = YES;
				CLANG_WARN__DUPLICATE_METHOD_MATCH = YES;
				ENABLE_STRICT_OBJC_MSGSEND = YES;
				ENABLE_TESTABILITY = YES;
				GCC_NO_COMMON_BLOCKS = YES;
				GCC_WARN_64_TO_32_BIT_CONVERSION = YES;
				GCC_WARN_ABOUT_RETURN_TYPE = YES;
				GCC_WARN_UNDECLARED_SELECTOR = YES;
				GCC_WARN_UNINITIALIZED_AUTOS = YES;
				GCC_WARN_UNUSED_FUNCTION = YES;
				GCC_WARN_UNUSED_VARIABLE = YES;
				ONLY_ACTIVE_ARCH = YES;
			};
			name = Debug;
		};
		A7C5C166223088B000C0B27B /* Release */ = {
			isa = XCBuildConfiguration;
			buildSettings = {
				CLANG_WARN_BLOCK_CAPTURE_AUTORELEASING = YES;
				CLANG_WARN_BOOL_CONVERSION = YES;
				CLANG_WARN_COMMA = YES;
				CLANG_WARN_CONSTANT_CONVERSION = YES;
				CLANG_WARN_DEPRECATED_OBJC_IMPLEMENTATIONS = YES;
				CLANG_WARN_EMPTY_BODY = YES;
				CLANG_WARN_ENUM_CONVERSION = YES;
				CLANG_WARN_INFINITE_RECURSION = YES;
				CLANG_WARN_INT_CONVERSION = YES;
				CLANG_WARN_NON_LITERAL_NULL_CONVERSION = YES;
				CLANG_WARN_OBJC_IMPLICIT_RETAIN_SELF = YES;
				CLANG_WARN_OBJC_LITERAL_CONVERSION = YES;
				CLANG_WARN_RANGE_LOOP_ANALYSIS = YES;
				CLANG_WARN_STRICT_PROTOTYPES = YES;
				CLANG_WARN_SUSPICIOUS_MOVE = YES;
				CLANG_WARN_UNREACHABLE_CODE = YES;
				CLANG_WARN__DUPLICATE_METHOD_MATCH = YES;
				ENABLE_STRICT_OBJC_MSGSEND = YES;
				GCC_NO_COMMON_BLOCKS = YES;
				GCC_WARN_64_TO_32_BIT_CONVERSION = YES;
				GCC_WARN_ABOUT_RETURN_TYPE = YES;
				GCC_WARN_UNDECLARED_SELECTOR = YES;
				GCC_WARN_UNINITIALIZED_AUTOS = YES;
				GCC_WARN_UNUSED_FUNCTION = YES;
				GCC_WARN_UNUSED_VARIABLE = YES;
			};
			name = Release;
		};
/* End XCBuildConfiguration section */

/* Begin XCConfigurationList section */
		A72BB1702237280C008575FC /* Build configuration list for PBXNativeTarget "ChronicySafariExtension" */ = {
			isa = XCConfigurationList;
			buildConfigurations = (
				A72BB1712237280C008575FC /* Debug */,
				A72BB1722237280C008575FC /* Release */,
			);
			defaultConfigurationIsVisible = 0;
			defaultConfigurationName = Release;
		};
		A75220D42252044500C7A54E /* Build configuration list for PBXNativeTarget "ChronicyShareExtension" */ = {
			isa = XCConfigurationList;
			buildConfigurations = (
				A75220D22252044500C7A54E /* Debug */,
				A75220D32252044500C7A54E /* Release */,
			);
			defaultConfigurationIsVisible = 0;
			defaultConfigurationName = Release;
		};
		A76045A822308DA6007F3268 /* Build configuration list for PBXNativeTarget "ChronicyMacOS" */ = {
			isa = XCConfigurationList;
			buildConfigurations = (
				A76045A922308DA6007F3268 /* Debug */,
				A76045AA22308DA6007F3268 /* Release */,
			);
			defaultConfigurationIsVisible = 0;
			defaultConfigurationName = Release;
		};
		A78D4D2B2253DD70005CE553 /* Build configuration list for PBXNativeTarget "ChronicyiOS" */ = {
			isa = XCConfigurationList;
			buildConfigurations = (
				A78D4D2C2253DD70005CE553 /* Debug */,
				A78D4D2D2253DD70005CE553 /* Release */,
			);
			defaultConfigurationIsVisible = 0;
			defaultConfigurationName = Release;
		};
		A7C5C164223088B000C0B27B /* Build configuration list for PBXProject "Chronicy" */ = {
			isa = XCConfigurationList;
			buildConfigurations = (
				A7C5C165223088B000C0B27B /* Debug */,
				A7C5C166223088B000C0B27B /* Release */,
			);
			defaultConfigurationIsVisible = 0;
			defaultConfigurationName = Release;
		};
/* End XCConfigurationList section */
	};
	rootObject = A7C5C161223088B000C0B27B /* Project object */;
}
