// !$*UTF8*$!
{
	archiveVersion = 1;
	classes = {
	};
	objectVersion = 50;
	objects = {

/* Begin PBXBuildFile section */
		A7515F242231ADAD00380978 /* WindowController.swift in Sources */ = {isa = PBXBuildFile; fileRef = A7515F222231ADAD00380978 /* WindowController.swift */; };
		A7515F252231ADAD00380978 /* Content.swift in Sources */ = {isa = PBXBuildFile; fileRef = A7515F232231ADAD00380978 /* Content.swift */; };
		A760459922308DA5007F3268 /* AppDelegate.swift in Sources */ = {isa = PBXBuildFile; fileRef = A760459822308DA5007F3268 /* AppDelegate.swift */; };
		A760459B22308DA5007F3268 /* ViewController.swift in Sources */ = {isa = PBXBuildFile; fileRef = A760459A22308DA5007F3268 /* ViewController.swift */; };
		A760459D22308DA5007F3268 /* Document.swift in Sources */ = {isa = PBXBuildFile; fileRef = A760459C22308DA5007F3268 /* Document.swift */; };
		A760459F22308DA6007F3268 /* Assets.xcassets in Resources */ = {isa = PBXBuildFile; fileRef = A760459E22308DA6007F3268 /* Assets.xcassets */; };
		A76045A222308DA6007F3268 /* Main.storyboard in Resources */ = {isa = PBXBuildFile; fileRef = A76045A022308DA6007F3268 /* Main.storyboard */; };
/* End PBXBuildFile section */

/* Begin PBXContainerItemProxy section */
		A76045A622308DA6007F3268 /* PBXContainerItemProxy */ = {
			isa = PBXContainerItemProxy;
			containerPortal = A760457F22308D01007F3268 /* ChronicyFramework.xcodeproj */;
			proxyType = 2;
			remoteGlobalIDString = A760458722308D47007F3268;
			remoteInfo = ChronicyFrameworkMacOS;
		};
		A76045AC22308DEA007F3268 /* PBXContainerItemProxy */ = {
			isa = PBXContainerItemProxy;
			containerPortal = A760457F22308D01007F3268 /* ChronicyFramework.xcodeproj */;
			proxyType = 1;
			remoteGlobalIDString = A760458622308D47007F3268;
			remoteInfo = ChronicyFrameworkMacOS;
		};
/* End PBXContainerItemProxy section */

/* Begin PBXFileReference section */
		A7515F222231ADAD00380978 /* WindowController.swift */ = {isa = PBXFileReference; fileEncoding = 4; lastKnownFileType = sourcecode.swift; path = WindowController.swift; sourceTree = "<group>"; };
		A7515F232231ADAD00380978 /* Content.swift */ = {isa = PBXFileReference; fileEncoding = 4; lastKnownFileType = sourcecode.swift; path = Content.swift; sourceTree = "<group>"; };
		A760457F22308D01007F3268 /* ChronicyFramework.xcodeproj */ = {isa = PBXFileReference; lastKnownFileType = "wrapper.pb-project"; name = ChronicyFramework.xcodeproj; path = ChronicyFramework/ChronicyFramework.xcodeproj; sourceTree = "<group>"; };
		A760459522308DA5007F3268 /* Chronicy.app */ = {isa = PBXFileReference; explicitFileType = wrapper.application; includeInIndex = 0; path = Chronicy.app; sourceTree = BUILT_PRODUCTS_DIR; };
		A760459822308DA5007F3268 /* AppDelegate.swift */ = {isa = PBXFileReference; lastKnownFileType = sourcecode.swift; path = AppDelegate.swift; sourceTree = "<group>"; };
		A760459A22308DA5007F3268 /* ViewController.swift */ = {isa = PBXFileReference; lastKnownFileType = sourcecode.swift; path = ViewController.swift; sourceTree = "<group>"; };
		A760459C22308DA5007F3268 /* Document.swift */ = {isa = PBXFileReference; lastKnownFileType = sourcecode.swift; path = Document.swift; sourceTree = "<group>"; };
		A760459E22308DA6007F3268 /* Assets.xcassets */ = {isa = PBXFileReference; lastKnownFileType = folder.assetcatalog; path = Assets.xcassets; sourceTree = "<group>"; };
		A76045A122308DA6007F3268 /* Base */ = {isa = PBXFileReference; lastKnownFileType = file.storyboard; name = Base; path = Base.lproj/Main.storyboard; sourceTree = "<group>"; };
		A76045A322308DA6007F3268 /* Info.plist */ = {isa = PBXFileReference; lastKnownFileType = text.plist.xml; path = Info.plist; sourceTree = "<group>"; };
		A76045A422308DA6007F3268 /* ChronicyMacOS.entitlements */ = {isa = PBXFileReference; lastKnownFileType = text.plist.entitlements; path = ChronicyMacOS.entitlements; sourceTree = "<group>"; };
/* End PBXFileReference section */

/* Begin PBXFrameworksBuildPhase section */
		A760459222308DA5007F3268 /* Frameworks */ = {
			isa = PBXFrameworksBuildPhase;
			buildActionMask = 2147483647;
			files = (
			);
			runOnlyForDeploymentPostprocessing = 0;
		};
/* End PBXFrameworksBuildPhase section */

/* Begin PBXGroup section */
		A760458022308D01007F3268 /* Products */ = {
			isa = PBXGroup;
			children = (
				A76045A722308DA6007F3268 /* ChronicyFrameworkMacOS.framework */,
			);
			name = Products;
			sourceTree = "<group>";
		};
		A760459622308DA5007F3268 /* Products */ = {
			isa = PBXGroup;
			children = (
				A760459522308DA5007F3268 /* Chronicy.app */,
			);
			name = Products;
			sourceTree = "<group>";
		};
		A760459722308DA5007F3268 /* ChronicyMacOS */ = {
			isa = PBXGroup;
			children = (
				A760459822308DA5007F3268 /* AppDelegate.swift */,
				A7515F222231ADAD00380978 /* WindowController.swift */,
				A760459A22308DA5007F3268 /* ViewController.swift */,
				A760459C22308DA5007F3268 /* Document.swift */,
				A7515F232231ADAD00380978 /* Content.swift */,
				A76045A022308DA6007F3268 /* Main.storyboard */,
				A760459E22308DA6007F3268 /* Assets.xcassets */,
				A76045AB22308DAD007F3268 /* Supporting Files */,
			);
			path = ChronicyMacOS;
			sourceTree = "<group>";
		};
		A76045AB22308DAD007F3268 /* Supporting Files */ = {
			isa = PBXGroup;
			children = (
				A76045A322308DA6007F3268 /* Info.plist */,
				A76045A422308DA6007F3268 /* ChronicyMacOS.entitlements */,
			);
			name = "Supporting Files";
			sourceTree = "<group>";
		};
		A7C5C160223088B000C0B27B = {
			isa = PBXGroup;
			children = (
				A760457F22308D01007F3268 /* ChronicyFramework.xcodeproj */,
				A760459722308DA5007F3268 /* ChronicyMacOS */,
				A760459622308DA5007F3268 /* Products */,
			);
			sourceTree = "<group>";
		};
/* End PBXGroup section */

/* Begin PBXNativeTarget section */
		A760459422308DA5007F3268 /* ChronicyMacOS */ = {
			isa = PBXNativeTarget;
			buildConfigurationList = A76045A822308DA6007F3268 /* Build configuration list for PBXNativeTarget "ChronicyMacOS" */;
			buildPhases = (
				A760459122308DA5007F3268 /* Sources */,
				A760459222308DA5007F3268 /* Frameworks */,
				A760459322308DA5007F3268 /* Resources */,
			);
			buildRules = (
			);
			dependencies = (
				A76045AD22308DEA007F3268 /* PBXTargetDependency */,
			);
			name = ChronicyMacOS;
			productName = ChronicyMacOS;
			productReference = A760459522308DA5007F3268 /* Chronicy.app */;
			productType = "com.apple.product-type.application";
		};
/* End PBXNativeTarget section */

/* Begin PBXProject section */
		A7C5C161223088B000C0B27B /* Project object */ = {
			isa = PBXProject;
			attributes = {
				LastSwiftUpdateCheck = 1010;
				LastUpgradeCheck = 1010;
				TargetAttributes = {
					A760459422308DA5007F3268 = {
						CreatedOnToolsVersion = 10.1;
						SystemCapabilities = {
							com.apple.Sandbox = {
								enabled = 1;
							};
						};
					};
				};
			};
			buildConfigurationList = A7C5C164223088B000C0B27B /* Build configuration list for PBXProject "Chronicy" */;
			compatibilityVersion = "Xcode 9.3";
			developmentRegion = en;
			hasScannedForEncodings = 0;
			knownRegions = (
				en,
				Base,
			);
			mainGroup = A7C5C160223088B000C0B27B;
			productRefGroup = A760459622308DA5007F3268 /* Products */;
			projectDirPath = "";
			projectReferences = (
				{
					ProductGroup = A760458022308D01007F3268 /* Products */;
					ProjectRef = A760457F22308D01007F3268 /* ChronicyFramework.xcodeproj */;
				},
			);
			projectRoot = "";
			targets = (
				A760459422308DA5007F3268 /* ChronicyMacOS */,
			);
		};
/* End PBXProject section */

/* Begin PBXReferenceProxy section */
		A76045A722308DA6007F3268 /* ChronicyFrameworkMacOS.framework */ = {
			isa = PBXReferenceProxy;
			fileType = wrapper.framework;
			path = ChronicyFrameworkMacOS.framework;
			remoteRef = A76045A622308DA6007F3268 /* PBXContainerItemProxy */;
			sourceTree = BUILT_PRODUCTS_DIR;
		};
/* End PBXReferenceProxy section */

/* Begin PBXResourcesBuildPhase section */
		A760459322308DA5007F3268 /* Resources */ = {
			isa = PBXResourcesBuildPhase;
			buildActionMask = 2147483647;
			files = (
				A760459F22308DA6007F3268 /* Assets.xcassets in Resources */,
				A76045A222308DA6007F3268 /* Main.storyboard in Resources */,
			);
			runOnlyForDeploymentPostprocessing = 0;
		};
/* End PBXResourcesBuildPhase section */

/* Begin PBXSourcesBuildPhase section */
		A760459122308DA5007F3268 /* Sources */ = {
			isa = PBXSourcesBuildPhase;
			buildActionMask = 2147483647;
			files = (
				A760459B22308DA5007F3268 /* ViewController.swift in Sources */,
				A7515F242231ADAD00380978 /* WindowController.swift in Sources */,
				A760459922308DA5007F3268 /* AppDelegate.swift in Sources */,
				A7515F252231ADAD00380978 /* Content.swift in Sources */,
				A760459D22308DA5007F3268 /* Document.swift in Sources */,
			);
			runOnlyForDeploymentPostprocessing = 0;
		};
/* End PBXSourcesBuildPhase section */

/* Begin PBXTargetDependency section */
		A76045AD22308DEA007F3268 /* PBXTargetDependency */ = {
			isa = PBXTargetDependency;
			name = ChronicyFrameworkMacOS;
			targetProxy = A76045AC22308DEA007F3268 /* PBXContainerItemProxy */;
		};
/* End PBXTargetDependency section */

/* Begin PBXVariantGroup section */
		A76045A022308DA6007F3268 /* Main.storyboard */ = {
			isa = PBXVariantGroup;
			children = (
				A76045A122308DA6007F3268 /* Base */,
			);
			name = Main.storyboard;
			sourceTree = "<group>";
		};
/* End PBXVariantGroup section */

/* Begin XCBuildConfiguration section */
		A76045A922308DA6007F3268 /* Debug */ = {
			isa = XCBuildConfiguration;
			buildSettings = {
				ALWAYS_SEARCH_USER_PATHS = NO;
				ASSETCATALOG_COMPILER_APPICON_NAME = AppIcon;
				CLANG_ANALYZER_NONNULL = YES;
				CLANG_ANALYZER_NUMBER_OBJECT_CONVERSION = YES_AGGRESSIVE;
				CLANG_CXX_LANGUAGE_STANDARD = "gnu++14";
				CLANG_CXX_LIBRARY = "libc++";
				CLANG_ENABLE_MODULES = YES;
				CLANG_ENABLE_OBJC_ARC = YES;
				CLANG_ENABLE_OBJC_WEAK = YES;
				CLANG_WARN_BLOCK_CAPTURE_AUTORELEASING = YES;
				CLANG_WARN_BOOL_CONVERSION = YES;
				CLANG_WARN_COMMA = YES;
				CLANG_WARN_CONSTANT_CONVERSION = YES;
				CLANG_WARN_DEPRECATED_OBJC_IMPLEMENTATIONS = YES;
				CLANG_WARN_DIRECT_OBJC_ISA_USAGE = YES_ERROR;
				CLANG_WARN_DOCUMENTATION_COMMENTS = YES;
				CLANG_WARN_EMPTY_BODY = YES;
				CLANG_WARN_ENUM_CONVERSION = YES;
				CLANG_WARN_INFINITE_RECURSION = YES;
				CLANG_WARN_INT_CONVERSION = YES;
				CLANG_WARN_NON_LITERAL_NULL_CONVERSION = YES;
				CLANG_WARN_OBJC_IMPLICIT_RETAIN_SELF = YES;
				CLANG_WARN_OBJC_LITERAL_CONVERSION = YES;
				CLANG_WARN_OBJC_ROOT_CLASS = YES_ERROR;
				CLANG_WARN_RANGE_LOOP_ANALYSIS = YES;
				CLANG_WARN_STRICT_PROTOTYPES = YES;
				CLANG_WARN_SUSPICIOUS_MOVE = YES;
				CLANG_WARN_UNGUARDED_AVAILABILITY = YES_AGGRESSIVE;
				CLANG_WARN_UNREACHABLE_CODE = YES;
				CLANG_WARN__DUPLICATE_METHOD_MATCH = YES;
				CODE_SIGN_ENTITLEMENTS = ChronicyMacOS/ChronicyMacOS.entitlements;
				CODE_SIGN_IDENTITY = "-";
				CODE_SIGN_STYLE = Automatic;
				COMBINE_HIDPI_IMAGES = YES;
				COPY_PHASE_STRIP = NO;
				DEBUG_INFORMATION_FORMAT = dwarf;
				ENABLE_STRICT_OBJC_MSGSEND = YES;
				ENABLE_TESTABILITY = YES;
				GCC_C_LANGUAGE_STANDARD = gnu11;
				GCC_DYNAMIC_NO_PIC = NO;
				GCC_NO_COMMON_BLOCKS = YES;
				GCC_OPTIMIZATION_LEVEL = 0;
				GCC_PREPROCESSOR_DEFINITIONS = (
					"DEBUG=1",
					"$(inherited)",
				);
				GCC_WARN_64_TO_32_BIT_CONVERSION = YES;
				GCC_WARN_ABOUT_RETURN_TYPE = YES_ERROR;
				GCC_WARN_UNDECLARED_SELECTOR = YES;
				GCC_WARN_UNINITIALIZED_AUTOS = YES_AGGRESSIVE;
				GCC_WARN_UNUSED_FUNCTION = YES;
				GCC_WARN_UNUSED_VARIABLE = YES;
				INFOPLIST_FILE = ChronicyMacOS/Info.plist;
				LD_RUNPATH_SEARCH_PATHS = (
					"$(inherited)",
					"@executable_path/../Frameworks",
				);
				MACOSX_DEPLOYMENT_TARGET = 10.14;
				MTL_ENABLE_DEBUG_INFO = INCLUDE_SOURCE;
				MTL_FAST_MATH = YES;
				ONLY_ACTIVE_ARCH = YES;
				PRODUCT_BUNDLE_IDENTIFIER = ro.internals.ChronicyMacOS;
				PRODUCT_NAME = Chronicy;
				SDKROOT = macosx;
				SWIFT_ACTIVE_COMPILATION_CONDITIONS = DEBUG;
				SWIFT_OPTIMIZATION_LEVEL = "-Onone";
				SWIFT_VERSION = 4.2;
			};
			name = Debug;
		};
		A76045AA22308DA6007F3268 /* Release */ = {
			isa = XCBuildConfiguration;
			buildSettings = {
				ALWAYS_SEARCH_USER_PATHS = NO;
				ASSETCATALOG_COMPILER_APPICON_NAME = AppIcon;
				CLANG_ANALYZER_NONNULL = YES;
				CLANG_ANALYZER_NUMBER_OBJECT_CONVERSION = YES_AGGRESSIVE;
				CLANG_CXX_LANGUAGE_STANDARD = "gnu++14";
				CLANG_CXX_LIBRARY = "libc++";
				CLANG_ENABLE_MODULES = YES;
				CLANG_ENABLE_OBJC_ARC = YES;
				CLANG_ENABLE_OBJC_WEAK = YES;
				CLANG_WARN_BLOCK_CAPTURE_AUTORELEASING = YES;
				CLANG_WARN_BOOL_CONVERSION = YES;
				CLANG_WARN_COMMA = YES;
				CLANG_WARN_CONSTANT_CONVERSION = YES;
				CLANG_WARN_DEPRECATED_OBJC_IMPLEMENTATIONS = YES;
				CLANG_WARN_DIRECT_OBJC_ISA_USAGE = YES_ERROR;
				CLANG_WARN_DOCUMENTATION_COMMENTS = YES;
				CLANG_WARN_EMPTY_BODY = YES;
				CLANG_WARN_ENUM_CONVERSION = YES;
				CLANG_WARN_INFINITE_RECURSION = YES;
				CLANG_WARN_INT_CONVERSION = YES;
				CLANG_WARN_NON_LITERAL_NULL_CONVERSION = YES;
				CLANG_WARN_OBJC_IMPLICIT_RETAIN_SELF = YES;
				CLANG_WARN_OBJC_LITERAL_CONVERSION = YES;
				CLANG_WARN_OBJC_ROOT_CLASS = YES_ERROR;
				CLANG_WARN_RANGE_LOOP_ANALYSIS = YES;
				CLANG_WARN_STRICT_PROTOTYPES = YES;
				CLANG_WARN_SUSPICIOUS_MOVE = YES;
				CLANG_WARN_UNGUARDED_AVAILABILITY = YES_AGGRESSIVE;
				CLANG_WARN_UNREACHABLE_CODE = YES;
				CLANG_WARN__DUPLICATE_METHOD_MATCH = YES;
				CODE_SIGN_ENTITLEMENTS = ChronicyMacOS/ChronicyMacOS.entitlements;
				CODE_SIGN_IDENTITY = "-";
				CODE_SIGN_STYLE = Automatic;
				COMBINE_HIDPI_IMAGES = YES;
				COPY_PHASE_STRIP = NO;
				DEBUG_INFORMATION_FORMAT = "dwarf-with-dsym";
				ENABLE_NS_ASSERTIONS = NO;
				ENABLE_STRICT_OBJC_MSGSEND = YES;
				GCC_C_LANGUAGE_STANDARD = gnu11;
				GCC_NO_COMMON_BLOCKS = YES;
				GCC_WARN_64_TO_32_BIT_CONVERSION = YES;
				GCC_WARN_ABOUT_RETURN_TYPE = YES_ERROR;
				GCC_WARN_UNDECLARED_SELECTOR = YES;
				GCC_WARN_UNINITIALIZED_AUTOS = YES_AGGRESSIVE;
				GCC_WARN_UNUSED_FUNCTION = YES;
				GCC_WARN_UNUSED_VARIABLE = YES;
				INFOPLIST_FILE = ChronicyMacOS/Info.plist;
				LD_RUNPATH_SEARCH_PATHS = (
					"$(inherited)",
					"@executable_path/../Frameworks",
				);
				MACOSX_DEPLOYMENT_TARGET = 10.14;
				MTL_ENABLE_DEBUG_INFO = NO;
				MTL_FAST_MATH = YES;
				PRODUCT_BUNDLE_IDENTIFIER = ro.internals.ChronicyMacOS;
				PRODUCT_NAME = Chronicy;
				SDKROOT = macosx;
				SWIFT_COMPILATION_MODE = wholemodule;
				SWIFT_OPTIMIZATION_LEVEL = "-O";
				SWIFT_VERSION = 4.2;
			};
			name = Release;
		};
		A7C5C165223088B000C0B27B /* Debug */ = {
			isa = XCBuildConfiguration;
			buildSettings = {
			};
			name = Debug;
		};
		A7C5C166223088B000C0B27B /* Release */ = {
			isa = XCBuildConfiguration;
			buildSettings = {
			};
			name = Release;
		};
/* End XCBuildConfiguration section */

/* Begin XCConfigurationList section */
		A76045A822308DA6007F3268 /* Build configuration list for PBXNativeTarget "ChronicyMacOS" */ = {
			isa = XCConfigurationList;
			buildConfigurations = (
				A76045A922308DA6007F3268 /* Debug */,
				A76045AA22308DA6007F3268 /* Release */,
			);
			defaultConfigurationIsVisible = 0;
			defaultConfigurationName = Release;
		};
		A7C5C164223088B000C0B27B /* Build configuration list for PBXProject "Chronicy" */ = {
			isa = XCConfigurationList;
			buildConfigurations = (
				A7C5C165223088B000C0B27B /* Debug */,
				A7C5C166223088B000C0B27B /* Release */,
			);
			defaultConfigurationIsVisible = 0;
			defaultConfigurationName = Release;
		};
/* End XCConfigurationList section */
	};
	rootObject = A7C5C161223088B000C0B27B /* Project object */;
}
